{
  "version": 4,
  "terraform_version": "1.14.7",
  "serial": 211,
  "lineage": "a9266493-76af-8afa-12f2-2b0c2c036d96",
  "outputs": {
    "ansible_inventory": {
      "value": {
        "cluster_env": "prod",
        "master_workers": [
          {
            "ansible_user": "devver",
            "ip": "192.168.45.110",
            "name": "DEVVER-K8S-PROD-MW-1",
            "role": "master-worker"
          },
          {
            "ansible_user": "devver",
            "ip": "192.168.45.111",
            "name": "DEVVER-K8S-PROD-MW-2",
            "role": "master-worker"
          },
          {
            "ansible_user": "devver",
            "ip": "192.168.45.112",
            "name": "DEVVER-K8S-PROD-MW-3",
            "role": "master-worker"
          }
        ],
        "workers": [
          {
            "ansible_user": "devver",
            "ip": "192.168.45.160",
            "name": "DEVVER-K8S-PROD-W-1",
            "role": "worker"
          }
        ]
      },
      "type": [
        "object",
        {
          "cluster_env": "string",
          "master_workers": [
            "tuple",
            [
              [
                "object",
                {
                  "ansible_user": "string",
                  "ip": "string",
                  "name": "string",
                  "role": "string"
                }
              ],
              [
                "object",
                {
                  "ansible_user": "string",
                  "ip": "string",
                  "name": "string",
                  "role": "string"
                }
              ],
              [
                "object",
                {
                  "ansible_user": "string",
                  "ip": "string",
                  "name": "string",
                  "role": "string"
                }
              ]
            ]
          ],
          "workers": [
            "tuple",
            [
              [
                "object",
                {
                  "ansible_user": "string",
                  "ip": "string",
                  "name": "string",
                  "role": "string"
                }
              ]
            ]
          ]
        }
      ]
    },
    "loadbalancer_ip": {
      "value": "192.168.45.81",
      "type": "string"
    },
    "provisioned_ips": {
      "value": [
        "192.168.45.110",
        "192.168.45.111",
        "192.168.45.112",
        "192.168.45.160",
        "192.168.45.81"
      ],
      "type": [
        "tuple",
        [
          "string",
          "string",
          "string",
          "string",
          "string"
        ]
      ]
    }
  },
  "resources": [
    {
      "mode": "managed",
      "type": "local_file",
      "name": "cluster_yaml",
      "provider": "provider[\"registry.terraform.io/hashicorp/local\"]",
      "instances": [
        {
          "schema_version": 0,
          "attributes": {
            "content": "cluster: DEVVER-K8S-PROD\nenv: prod\nstatus: active\nloadbalancer_ip: 192.168.45.81\nprovisioned_ips: [\"192.168.45.110\",\"192.168.45.111\",\"192.168.45.112\",\"192.168.45.160\",\"192.168.45.81\"]\nmaster_worker_count: 3\nworker_count: 1\nmw_ip_base: 110\nlb_ip_offset: 81\n",
            "content_base64": null,
            "content_base64sha256": "Xz92cnGH6ljRKzj7NbWY+GW6/TYx8cO4nbWg/UJtGcA=",
            "content_base64sha512": "ST8Ih5owAxZTs7rMwdrdzP382loS464t51uKIkgUxoErblKiP2Cnu3RnedIVnoVN5rLwEDEJtZMTBbYs0DBd/g==",
            "content_md5": "ebbc7ffc87cbcbd64db2a830bced733f",
            "content_sha1": "b9680809b4ab5b1a01442563681866c6cb29c038",
            "content_sha256": "5f3f76727187ea58d12b38fb35b598f865bafd3631f1c3b89db5a0fd426d19c0",
            "content_sha512": "493f08879a30031653b3baccc1daddccfdfcda5a12e3ae2de75b8a224814c6812b6e52a23f60a7bb746779d2159e854de6b2f0103109b5931305b62cd0305dfe",
            "directory_permission": "0777",
            "file_permission": "0777",
            "filename": "./inventory/prod-cluster.yaml",
            "id": "b9680809b4ab5b1a01442563681866c6cb29c038",
            "sensitive_content": null,
            "source": null
          },
          "sensitive_attributes": [
            [
              {
                "type": "get_attr",
                "value": "sensitive_content"
              }
            ]
          ],
          "identity_schema_version": 0
        }
      ]
    },
    {
      "mode": "managed",
      "type": "local_file",
      "name": "inventory_ini",
      "provider": "provider[\"registry.terraform.io/hashicorp/local\"]",
      "instances": [
        {
          "schema_version": 0,
          "attributes": {
            "content": "# Généré automatiquement par Terraform\n# Cluster : DEVVER-K8S-PROD\n\n[kube_control_plane]\nDEVVER-K8S-PROD-MW-1 ansible_host=192.168.45.110 ansible_user=devver\nDEVVER-K8S-PROD-MW-2 ansible_host=192.168.45.111 ansible_user=devver\nDEVVER-K8S-PROD-MW-3 ansible_host=192.168.45.112 ansible_user=devver\n\n[kube_node]\nDEVVER-K8S-PROD-MW-1 ansible_host=192.168.45.110 ansible_user=devver\nDEVVER-K8S-PROD-MW-2 ansible_host=192.168.45.111 ansible_user=devver\nDEVVER-K8S-PROD-MW-3 ansible_host=192.168.45.112 ansible_user=devver\nDEVVER-K8S-PROD-W-1 ansible_host=192.168.45.160 ansible_user=devver\n\n[etcd]\nDEVVER-K8S-PROD-MW-1 ansible_host=192.168.45.110 ansible_user=devver\nDEVVER-K8S-PROD-MW-2 ansible_host=192.168.45.111 ansible_user=devver\nDEVVER-K8S-PROD-MW-3 ansible_host=192.168.45.112 ansible_user=devver\n\n[k8s_cluster:children]\nkube_control_plane\nkube_node\n",
            "content_base64": null,
            "content_base64sha256": "kjynPtv0lW98zGmGYLtmxZmT2xPLWdeAm7GGk5hTrgA=",
            "content_base64sha512": "KT5ovxv5VlBfHIRLFS96Rgc9BX3xQzuH1s7+LykmlO6TuicHVy0SYI0sI+kNt2blMJvfOoRoN6ZwlesHCYaR3w==",
            "content_md5": "b973517893f8ee1b524525f02e1ad056",
            "content_sha1": "18ee2b37d325866d30553fce51ebc69d3ab36a0b",
            "content_sha256": "923ca73edbf4956f7ccc698660bb66c59993db13cb59d7809bb186939853ae00",
            "content_sha512": "293e68bf1bf956505f1c844b152f7a46073d057df1433b87d6cefe2f292694ee93ba2707572d12608d2c23e90db766e5309bdf3a846837a67095eb07098691df",
            "directory_permission": "0777",
            "file_permission": "0777",
            "filename": "./inventory/prod-inventory.ini",
            "id": "18ee2b37d325866d30553fce51ebc69d3ab36a0b",
            "sensitive_content": null,
            "source": null
          },
          "sensitive_attributes": [
            [
              {
                "type": "get_attr",
                "value": "sensitive_content"
              }
            ]
          ],
          "identity_schema_version": 0
        }
      ]
    },
    {
      "mode": "managed",
      "type": "local_file",
      "name": "inventory_json",
      "provider": "provider[\"registry.terraform.io/hashicorp/local\"]",
      "instances": [
        {
          "schema_version": 0,
          "attributes": {
            "content": "{\"cluster_env\":\"prod\",\"master_workers\":[{\"ansible_user\":\"devver\",\"ip\":\"192.168.45.110\",\"name\":\"DEVVER-K8S-PROD-MW-1\",\"role\":\"master-worker\"},{\"ansible_user\":\"devver\",\"ip\":\"192.168.45.111\",\"name\":\"DEVVER-K8S-PROD-MW-2\",\"role\":\"master-worker\"},{\"ansible_user\":\"devver\",\"ip\":\"192.168.45.112\",\"name\":\"DEVVER-K8S-PROD-MW-3\",\"role\":\"master-worker\"}],\"workers\":[{\"ansible_user\":\"devver\",\"ip\":\"192.168.45.160\",\"name\":\"DEVVER-K8S-PROD-W-1\",\"role\":\"worker\"}]}",
            "content_base64": null,
            "content_base64sha256": "C3q+qIRNiMc3dHOId+FY9kANSsvf/omrnii2rCDacmo=",
            "content_base64sha512": "2sNGNEJU741GcilVVFG346uXLI3/NZS3EVyq6YY3jcA12dnP7/vETh+nV/7YVDGyRilUsB/GtXd/Ce2S88NZug==",
            "content_md5": "fd9b8d48986121aad947d9cf4b923b61",
            "content_sha1": "7265f07ef34402f0aaa9972e257cd55c16fde7c2",
            "content_sha256": "0b7abea8844d88c73774738877e158f6400d4acbdffe89ab9e28b6ac20da726a",
            "content_sha512": "dac346344254ef8d467229555451b7e3ab972c8dff3594b7115caae986378dc035d9d9cfeffbc44e1fa757fed85431b2462954b01fc6b5777f09ed92f3c359ba",
            "directory_permission": "0777",
            "file_permission": "0777",
            "filename": "./inventory/prod-inventory.json",
            "id": "7265f07ef34402f0aaa9972e257cd55c16fde7c2",
            "sensitive_content": null,
            "source": null
          },
          "sensitive_attributes": [
            [
              {
                "type": "get_attr",
                "value": "sensitive_content"
              }
            ]
          ],
          "identity_schema_version": 0
        }
      ]
    },
    {
      "module": "module.k8s_cluster",
      "mode": "managed",
      "type": "proxmox_virtual_environment_vm",
      "name": "master_worker",
      "provider": "provider[\"registry.terraform.io/bpg/proxmox\"]",
      "instances": [
        {
          "index_key": "192.168.45.110",
          "schema_version": 0,
          "attributes": {
            "acpi": true,
            "agent": [
              {
                "enabled": true,
                "timeout": "15m",
                "trim": false,
                "type": "virtio",
                "wait_for_ip": []
              }
            ],
            "amd_sev": [],
            "audio_device": [],
            "bios": "seabios",
            "boot_order": [
              "scsi0"
            ],
            "cdrom": [],
            "clone": [
              {
                "datastore_id": "",
                "full": true,
                "node_name": "",
                "retries": 1,
                "vm_id": 9000
              }
            ],
            "cpu": [
              {
                "affinity": "",
                "architecture": "",
                "cores": 4,
                "flags": [],
                "hotplugged": 0,
                "limit": 0,
                "numa": false,
                "sockets": 1,
                "type": "x86-64-v2-AES",
                "units": 0
              }
            ],
            "delete_unreferenced_disks_on_destroy": true,
            "description": "Kubernetes Master+Worker - prod",
            "disk": [
              {
                "aio": "io_uring",
                "backup": true,
                "cache": "none",
                "datastore_id": "SSD-PVE-DATA",
                "discard": "ignore",
                "file_format": "raw",
                "file_id": "",
                "import_from": "",
                "interface": "scsi0",
                "iothread": true,
                "path_in_datastore": "vm-45110-disk-0",
                "replicate": true,
                "serial": "",
                "size": 40,
                "speed": [],
                "ssd": false
              },
              {
                "aio": "io_uring",
                "backup": true,
                "cache": "none",
                "datastore_id": "SSD-PVE-DATA",
                "discard": "ignore",
                "file_format": "raw",
                "file_id": "",
                "import_from": "",
                "interface": "scsi1",
                "iothread": true,
                "path_in_datastore": "vm-45110-disk-1",
                "replicate": true,
                "serial": "",
                "size": 150,
                "speed": [],
                "ssd": false
              }
            ],
            "efi_disk": [],
            "hook_script_file_id": null,
            "hostpci": [],
            "hotplug": null,
            "id": "45110",
            "initialization": [
              {
                "datastore_id": "SSD-PVE-DATA",
                "dns": [],
                "file_format": "",
                "interface": "ide2",
                "ip_config": [
                  {
                    "ipv4": [
                      {
                        "address": "192.168.45.110/24",
                        "gateway": "192.168.45.200"
                      }
                    ],
                    "ipv6": []
                  }
                ],
                "meta_data_file_id": "",
                "network_data_file_id": "",
                "type": "",
                "user_account": [
                  {
                    "keys": [
                      "ssh-ed25519 AAAAC3NzaC1lZDI1NTE5AAAAILpXTMlkAJzwvi2llxwIyQfvMh1LBOVZnpCz+4H2alkH victor@PC-PORT"
                    ],
                    "password": "",
                    "username": "devver"
                  }
                ],
                "user_data_file_id": "",
                "vendor_data_file_id": "local:snippets/qemu-guest-agent.yml"
              }
            ],
            "ipv4_addresses": [
              [
                "127.0.0.1"
              ],
              [
                "192.168.45.110"
              ]
            ],
            "ipv6_addresses": [
              [
                "::1"
              ],
              [
                "fe80::be24:11ff:fe0a:acec"
              ]
            ],
            "keyboard_layout": "en-us",
            "kvm_arguments": null,
            "mac_addresses": [
              "00:00:00:00:00:00",
              "BC:24:11:0A:AC:EC"
            ],
            "machine": null,
            "memory": [
              {
                "dedicated": 3072,
                "floating": 0,
                "hugepages": "",
                "keep_hugepages": false,
                "shared": 0
              }
            ],
            "migrate": false,
            "name": "DEVVER-K8S-PROD-MW-1",
            "network_device": [
              {
                "bridge": "vmbr1",
                "disconnected": false,
                "enabled": true,
                "firewall": false,
                "mac_address": "BC:24:11:0A:AC:EC",
                "model": "virtio",
                "mtu": 0,
                "queues": 0,
                "rate_limit": 0,
                "trunks": "",
                "vlan_id": 45
              }
            ],
            "network_interface_names": [
              "lo",
              "eth0"
            ],
            "node_name": "PROXMOX-PVE1",
            "numa": [],
            "on_boot": true,
            "operating_system": [],
            "pool_id": "",
            "protection": false,
            "purge_on_destroy": true,
            "reboot": false,
            "reboot_after_update": true,
            "rng": [],
            "scsi_hardware": "virtio-scsi-single",
            "serial_device": [],
            "smbios": [],
            "started": true,
            "startup": [],
            "stop_on_destroy": false,
            "tablet_device": true,
            "tags": [
              "devver",
              "k8s",
              "master-worker",
              "prod"
            ],
            "template": false,
            "timeout_clone": 1800,
            "timeout_create": 1800,
            "timeout_migrate": 1800,
            "timeout_move_disk": 1800,
            "timeout_reboot": 1800,
            "timeout_shutdown_vm": 1800,
            "timeout_start_vm": 1800,
            "timeout_stop_vm": 300,
            "tpm_state": [],
            "usb": [],
            "vga": [],
            "virtiofs": [],
            "vm_id": 45110,
            "watchdog": []
          },
          "sensitive_attributes": [
            [
              {
                "type": "get_attr",
                "value": "initialization"
              },
              {
                "type": "index",
                "value": {
                  "value": 0,
                  "type": "number"
                }
              },
              {
                "type": "get_attr",
                "value": "user_account"
              },
              {
                "type": "index",
                "value": {
                  "value": 0,
                  "type": "number"
                }
              },
              {
                "type": "get_attr",
                "value": "keys"
              },
              {
                "type": "index",
                "value": {
                  "value": 0,
                  "type": "number"
                }
              }
            ],
            [
              {
                "type": "get_attr",
                "value": "initialization"
              },
              {
                "type": "index",
                "value": {
                  "value": 0,
                  "type": "number"
                }
              },
              {
                "type": "get_attr",
                "value": "user_account"
              },
              {
                "type": "index",
                "value": {
                  "value": 0,
                  "type": "number"
                }
              },
              {
                "type": "get_attr",
                "value": "password"
              }
            ]
          ],
          "identity_schema_version": 0,
          "private": "bnVsbA=="
        },
        {
          "index_key": "192.168.45.111",
          "schema_version": 0,
          "attributes": {
            "acpi": true,
            "agent": [
              {
                "enabled": true,
                "timeout": "15m",
                "trim": false,
                "type": "virtio",
                "wait_for_ip": []
              }
            ],
            "amd_sev": [],
            "audio_device": [],
            "bios": "seabios",
            "boot_order": [
              "scsi0"
            ],
            "cdrom": [],
            "clone": [
              {
                "datastore_id": "",
                "full": true,
                "node_name": "",
                "retries": 1,
                "vm_id": 9000
              }
            ],
            "cpu": [
              {
                "affinity": "",
                "architecture": "",
                "cores": 4,
                "flags": [],
                "hotplugged": 0,
                "limit": 0,
                "numa": false,
                "sockets": 1,
                "type": "x86-64-v2-AES",
                "units": 0
              }
            ],
            "delete_unreferenced_disks_on_destroy": true,
            "description": "Kubernetes Master+Worker - prod",
            "disk": [
              {
                "aio": "io_uring",
                "backup": true,
                "cache": "none",
                "datastore_id": "SSD-PVE-DATA",
                "discard": "ignore",
                "file_format": "raw",
                "file_id": "",
                "import_from": "",
                "interface": "scsi0",
                "iothread": true,
                "path_in_datastore": "vm-45111-disk-0",
                "replicate": true,
                "serial": "",
                "size": 40,
                "speed": [],
                "ssd": false
              },
              {
                "aio": "io_uring",
                "backup": true,
                "cache": "none",
                "datastore_id": "SSD-PVE-DATA",
                "discard": "ignore",
                "file_format": "raw",
                "file_id": "",
                "import_from": "",
                "interface": "scsi1",
                "iothread": true,
                "path_in_datastore": "vm-45111-disk-1",
                "replicate": true,
                "serial": "",
                "size": 150,
                "speed": [],
                "ssd": false
              }
            ],
            "efi_disk": [],
            "hook_script_file_id": null,
            "hostpci": [],
            "hotplug": null,
            "id": "45111",
            "initialization": [
              {
                "datastore_id": "SSD-PVE-DATA",
                "dns": [],
                "file_format": "",
                "interface": "ide2",
                "ip_config": [
                  {
                    "ipv4": [
                      {
                        "address": "192.168.45.111/24",
                        "gateway": "192.168.45.200"
                      }
                    ],
                    "ipv6": []
                  }
                ],
                "meta_data_file_id": "",
                "network_data_file_id": "",
                "type": "",
                "user_account": [
                  {
                    "keys": [
                      "ssh-ed25519 AAAAC3NzaC1lZDI1NTE5AAAAILpXTMlkAJzwvi2llxwIyQfvMh1LBOVZnpCz+4H2alkH victor@PC-PORT"
                    ],
                    "password": "",
                    "username": "devver"
                  }
                ],
                "user_data_file_id": "",
                "vendor_data_file_id": "local:snippets/qemu-guest-agent.yml"
              }
            ],
            "ipv4_addresses": [
              [
                "127.0.0.1"
              ],
              [
                "192.168.45.111"
              ]
            ],
            "ipv6_addresses": [
              [
                "::1"
              ],
              [
                "fe80::be24:11ff:fe23:633a"
              ]
            ],
            "keyboard_layout": "en-us",
            "kvm_arguments": null,
            "mac_addresses": [
              "00:00:00:00:00:00",
              "BC:24:11:23:63:3A"
            ],
            "machine": null,
            "memory": [
              {
                "dedicated": 3072,
                "floating": 0,
                "hugepages": "",
                "keep_hugepages": false,
                "shared": 0
              }
            ],
            "migrate": false,
            "name": "DEVVER-K8S-PROD-MW-2",
            "network_device": [
              {
                "bridge": "vmbr1",
                "disconnected": false,
                "enabled": true,
                "firewall": false,
                "mac_address": "BC:24:11:23:63:3A",
                "model": "virtio",
                "mtu": 0,
                "queues": 0,
                "rate_limit": 0,
                "trunks": "",
                "vlan_id": 45
              }
            ],
            "network_interface_names": [
              "lo",
              "eth0"
            ],
            "node_name": "PROXMOX-PVE1",
            "numa": [],
            "on_boot": true,
            "operating_system": [],
            "pool_id": "",
            "protection": false,
            "purge_on_destroy": true,
            "reboot": false,
            "reboot_after_update": true,
            "rng": [],
            "scsi_hardware": "virtio-scsi-single",
            "serial_device": [],
            "smbios": [],
            "started": true,
            "startup": [],
            "stop_on_destroy": false,
            "tablet_device": true,
            "tags": [
              "devver",
              "k8s",
              "master-worker",
              "prod"
            ],
            "template": false,
            "timeout_clone": 1800,
            "timeout_create": 1800,
            "timeout_migrate": 1800,
            "timeout_move_disk": 1800,
            "timeout_reboot": 1800,
            "timeout_shutdown_vm": 1800,
            "timeout_start_vm": 1800,
            "timeout_stop_vm": 300,
            "tpm_state": [],
            "usb": [],
            "vga": [],
            "virtiofs": [],
            "vm_id": 45111,
            "watchdog": []
          },
          "sensitive_attributes": [
            [
              {
                "type": "get_attr",
                "value": "initialization"
              },
              {
                "type": "index",
                "value": {
                  "value": 0,
                  "type": "number"
                }
              },
              {
                "type": "get_attr",
                "value": "user_account"
              },
              {
                "type": "index",
                "value": {
                  "value": 0,
                  "type": "number"
                }
              },
              {
                "type": "get_attr",
                "value": "keys"
              },
              {
                "type": "index",
                "value": {
                  "value": 0,
                  "type": "number"
                }
              }
            ],
            [
              {
                "type": "get_attr",
                "value": "initialization"
              },
              {
                "type": "index",
                "value": {
                  "value": 0,
                  "type": "number"
                }
              },
              {
                "type": "get_attr",
                "value": "user_account"
              },
              {
                "type": "index",
                "value": {
                  "value": 0,
                  "type": "number"
                }
              },
              {
                "type": "get_attr",
                "value": "password"
              }
            ]
          ],
          "identity_schema_version": 0,
          "private": "bnVsbA=="
        },
        {
          "index_key": "192.168.45.112",
          "schema_version": 0,
          "attributes": {
            "acpi": true,
            "agent": [
              {
                "enabled": true,
                "timeout": "15m",
                "trim": false,
                "type": "virtio",
                "wait_for_ip": []
              }
            ],
            "amd_sev": [],
            "audio_device": [],
            "bios": "seabios",
            "boot_order": [
              "scsi0"
            ],
            "cdrom": [],
            "clone": [
              {
                "datastore_id": "",
                "full": true,
                "node_name": "",
                "retries": 1,
                "vm_id": 9000
              }
            ],
            "cpu": [
              {
                "affinity": "",
                "architecture": "",
                "cores": 4,
                "flags": [],
                "hotplugged": 0,
                "limit": 0,
                "numa": false,
                "sockets": 1,
                "type": "x86-64-v2-AES",
                "units": 0
              }
            ],
            "delete_unreferenced_disks_on_destroy": true,
            "description": "Kubernetes Master+Worker - prod",
            "disk": [
              {
                "aio": "io_uring",
                "backup": true,
                "cache": "none",
                "datastore_id": "SSD-PVE-DATA",
                "discard": "ignore",
                "file_format": "raw",
                "file_id": "",
                "import_from": "",
                "interface": "scsi0",
                "iothread": true,
                "path_in_datastore": "vm-45112-disk-0",
                "replicate": true,
                "serial": "",
                "size": 40,
                "speed": [],
                "ssd": false
              },
              {
                "aio": "io_uring",
                "backup": true,
                "cache": "none",
                "datastore_id": "SSD-PVE-DATA",
                "discard": "ignore",
                "file_format": "raw",
                "file_id": "",
                "import_from": "",
                "interface": "scsi1",
                "iothread": true,
                "path_in_datastore": "vm-45112-disk-1",
                "replicate": true,
                "serial": "",
                "size": 150,
                "speed": [],
                "ssd": false
              }
            ],
            "efi_disk": [],
            "hook_script_file_id": null,
            "hostpci": [],
            "hotplug": null,
            "id": "45112",
            "initialization": [
              {
                "datastore_id": "SSD-PVE-DATA",
                "dns": [],
                "file_format": "",
                "interface": "ide2",
                "ip_config": [
                  {
                    "ipv4": [
                      {
                        "address": "192.168.45.112/24",
                        "gateway": "192.168.45.200"
                      }
                    ],
                    "ipv6": []
                  }
                ],
                "meta_data_file_id": "",
                "network_data_file_id": "",
                "type": "",
                "user_account": [
                  {
                    "keys": [
                      "ssh-ed25519 AAAAC3NzaC1lZDI1NTE5AAAAILpXTMlkAJzwvi2llxwIyQfvMh1LBOVZnpCz+4H2alkH victor@PC-PORT"
                    ],
                    "password": "",
                    "username": "devver"
                  }
                ],
                "user_data_file_id": "",
                "vendor_data_file_id": "local:snippets/qemu-guest-agent.yml"
              }
            ],
            "ipv4_addresses": [
              [
                "127.0.0.1"
              ],
              [
                "192.168.45.112"
              ]
            ],
            "ipv6_addresses": [
              [
                "::1"
              ],
              [
                "fe80::be24:11ff:fe34:93fd"
              ]
            ],
            "keyboard_layout": "en-us",
            "kvm_arguments": null,
            "mac_addresses": [
              "00:00:00:00:00:00",
              "BC:24:11:34:93:FD"
            ],
            "machine": null,
            "memory": [
              {
                "dedicated": 3072,
                "floating": 0,
                "hugepages": "",
                "keep_hugepages": false,
                "shared": 0
              }
            ],
            "migrate": false,
            "name": "DEVVER-K8S-PROD-MW-3",
            "network_device": [
              {
                "bridge": "vmbr1",
                "disconnected": false,
                "enabled": true,
                "firewall": false,
                "mac_address": "BC:24:11:34:93:FD",
                "model": "virtio",
                "mtu": 0,
                "queues": 0,
                "rate_limit": 0,
                "trunks": "",
                "vlan_id": 45
              }
            ],
            "network_interface_names": [
              "lo",
              "eth0"
            ],
            "node_name": "PROXMOX-PVE1",
            "numa": [],
            "on_boot": true,
            "operating_system": [],
            "pool_id": "",
            "protection": false,
            "purge_on_destroy": true,
            "reboot": false,
            "reboot_after_update": true,
            "rng": [],
            "scsi_hardware": "virtio-scsi-single",
            "serial_device": [],
            "smbios": [],
            "started": true,
            "startup": [],
            "stop_on_destroy": false,
            "tablet_device": true,
            "tags": [
              "devver",
              "k8s",
              "master-worker",
              "prod"
            ],
            "template": false,
            "timeout_clone": 1800,
            "timeout_create": 1800,
            "timeout_migrate": 1800,
            "timeout_move_disk": 1800,
            "timeout_reboot": 1800,
            "timeout_shutdown_vm": 1800,
            "timeout_start_vm": 1800,
            "timeout_stop_vm": 300,
            "tpm_state": [],
            "usb": [],
            "vga": [],
            "virtiofs": [],
            "vm_id": 45112,
            "watchdog": []
          },
          "sensitive_attributes": [
            [
              {
                "type": "get_attr",
                "value": "initialization"
              },
              {
                "type": "index",
                "value": {
                  "value": 0,
                  "type": "number"
                }
              },
              {
                "type": "get_attr",
                "value": "user_account"
              },
              {
                "type": "index",
                "value": {
                  "value": 0,
                  "type": "number"
                }
              },
              {
                "type": "get_attr",
                "value": "keys"
              },
              {
                "type": "index",
                "value": {
                  "value": 0,
                  "type": "number"
                }
              }
            ],
            [
              {
                "type": "get_attr",
                "value": "initialization"
              },
              {
                "type": "index",
                "value": {
                  "value": 0,
                  "type": "number"
                }
              },
              {
                "type": "get_attr",
                "value": "user_account"
              },
              {
                "type": "index",
                "value": {
                  "value": 0,
                  "type": "number"
                }
              },
              {
                "type": "get_attr",
                "value": "password"
              }
            ]
          ],
          "identity_schema_version": 0,
          "private": "bnVsbA=="
        }
      ]
    },
    {
      "module": "module.k8s_cluster",
      "mode": "managed",
      "type": "proxmox_virtual_environment_vm",
      "name": "worker",
      "provider": "provider[\"registry.terraform.io/bpg/proxmox\"]",
      "instances": [
        {
          "index_key": "192.168.45.160",
          "schema_version": 0,
          "attributes": {
            "acpi": true,
            "agent": [
              {
                "enabled": true,
                "timeout": "15m",
                "trim": false,
                "type": "virtio",
                "wait_for_ip": []
              }
            ],
            "amd_sev": [],
            "audio_device": [],
            "bios": "seabios",
            "boot_order": [],
            "cdrom": [],
            "clone": [
              {
                "datastore_id": "",
                "full": true,
                "node_name": "",
                "retries": 1,
                "vm_id": 9000
              }
            ],
            "cpu": [
              {
                "affinity": "",
                "architecture": "",
                "cores": 4,
                "flags": null,
                "hotplugged": 0,
                "limit": 0,
                "numa": false,
                "sockets": 1,
                "type": "x86-64-v2-AES",
                "units": 0
              }
            ],
            "delete_unreferenced_disks_on_destroy": true,
            "description": "Kubernetes Worker - prod",
            "disk": [
              {
                "aio": "io_uring",
                "backup": true,
                "cache": "none",
                "datastore_id": "SSD-PVE-DATA",
                "discard": "ignore",
                "file_format": "raw",
                "file_id": "",
                "import_from": "",
                "interface": "scsi0",
                "iothread": true,
                "path_in_datastore": "vm-45160-disk-0",
                "replicate": true,
                "serial": "",
                "size": 40,
                "speed": [],
                "ssd": false
              },
              {
                "aio": "io_uring",
                "backup": true,
                "cache": "none",
                "datastore_id": "SSD-PVE-DATA",
                "discard": "ignore",
                "file_format": "raw",
                "file_id": "",
                "import_from": "",
                "interface": "scsi1",
                "iothread": true,
                "path_in_datastore": "vm-45160-disk-1",
                "replicate": true,
                "serial": "",
                "size": 150,
                "speed": [],
                "ssd": false
              }
            ],
            "efi_disk": [],
            "hook_script_file_id": null,
            "hostpci": [],
            "hotplug": null,
            "id": "45160",
            "initialization": [
              {
                "datastore_id": "SSD-PVE-DATA",
                "dns": [],
                "file_format": "",
                "interface": "ide2",
                "ip_config": [
                  {
                    "ipv4": [
                      {
                        "address": "192.168.45.160/24",
                        "gateway": "192.168.45.200"
                      }
                    ],
                    "ipv6": []
                  }
                ],
                "meta_data_file_id": "",
                "network_data_file_id": "",
                "type": "",
                "user_account": [
                  {
                    "keys": [
                      "ssh-ed25519 AAAAC3NzaC1lZDI1NTE5AAAAILpXTMlkAJzwvi2llxwIyQfvMh1LBOVZnpCz+4H2alkH victor@PC-PORT"
                    ],
                    "password": "",
                    "username": "devver"
                  }
                ],
                "user_data_file_id": "",
                "vendor_data_file_id": "local:snippets/qemu-guest-agent.yml"
              }
            ],
            "ipv4_addresses": [
              [
                "127.0.0.1"
              ],
              [
                "192.168.45.160"
              ]
            ],
            "ipv6_addresses": [
              [
                "::1"
              ],
              [
                "fe80::be24:11ff:fe4a:c823"
              ]
            ],
            "keyboard_layout": "en-us",
            "kvm_arguments": null,
            "mac_addresses": [
              "00:00:00:00:00:00",
              "BC:24:11:4A:C8:23"
            ],
            "machine": null,
            "memory": [
              {
                "dedicated": 3072,
                "floating": 0,
                "hugepages": "",
                "keep_hugepages": false,
                "shared": 0
              }
            ],
            "migrate": false,
            "name": "DEVVER-K8S-PROD-W-1",
            "network_device": [
              {
                "bridge": "vmbr1",
                "disconnected": false,
                "enabled": true,
                "firewall": false,
                "mac_address": "BC:24:11:4A:C8:23",
                "model": "virtio",
                "mtu": 0,
                "queues": 0,
                "rate_limit": 0,
                "trunks": "",
                "vlan_id": 45
              }
            ],
            "network_interface_names": [
              "lo",
              "eth0"
            ],
            "node_name": "PROXMOX-PVE1",
            "numa": [],
            "on_boot": true,
            "operating_system": [],
            "pool_id": "",
            "protection": false,
            "purge_on_destroy": true,
            "reboot": false,
            "reboot_after_update": true,
            "rng": [],
            "scsi_hardware": "virtio-scsi-single",
            "serial_device": [],
            "smbios": [],
            "started": true,
            "startup": [],
            "stop_on_destroy": false,
            "tablet_device": true,
            "tags": [
              "devver",
              "k8s",
              "prod",
              "worker"
            ],
            "template": false,
            "timeout_clone": 1800,
            "timeout_create": 1800,
            "timeout_migrate": 1800,
            "timeout_move_disk": 1800,
            "timeout_reboot": 1800,
            "timeout_shutdown_vm": 1800,
            "timeout_start_vm": 1800,
            "timeout_stop_vm": 300,
            "tpm_state": [],
            "usb": [],
            "vga": [],
            "virtiofs": [],
            "vm_id": 45160,
            "watchdog": []
          },
          "sensitive_attributes": [
            [
              {
                "type": "get_attr",
                "value": "initialization"
              },
              {
                "type": "index",
                "value": {
                  "value": 0,
                  "type": "number"
                }
              },
              {
                "type": "get_attr",
                "value": "user_account"
              },
              {
                "type": "index",
                "value": {
                  "value": 0,
                  "type": "number"
                }
              },
              {
                "type": "get_attr",
                "value": "keys"
              },
              {
                "type": "index",
                "value": {
                  "value": 0,
                  "type": "number"
                }
              }
            ],
            [
              {
                "type": "get_attr",
                "value": "initialization"
              },
              {
                "type": "index",
                "value": {
                  "value": 0,
                  "type": "number"
                }
              },
              {
                "type": "get_attr",
                "value": "user_account"
              },
              {
                "type": "index",
                "value": {
                  "value": 0,
                  "type": "number"
                }
              },
              {
                "type": "get_attr",
                "value": "password"
              }
            ]
          ],
          "identity_schema_version": 0,
          "private": "bnVsbA=="
        }
      ]
    }
  ],
  "check_results": [
    {
      "object_kind": "var",
      "config_addr": "module.k8s_cluster.var.master_worker_count",
      "status": "pass",
      "objects": [
        {
          "object_addr": "module.k8s_cluster.var.master_worker_count",
          "status": "pass"
        }
      ]
    },
    {
      "object_kind": "var",
      "config_addr": "module.k8s_cluster.var.cluster_env",
      "status": "pass",
      "objects": [
        {
          "object_addr": "module.k8s_cluster.var.cluster_env",
          "status": "pass"
        }
      ]
    },
    {
      "object_kind": "var",
      "config_addr": "var.cluster_env",
      "status": "pass",
      "objects": [
        {
          "object_addr": "var.cluster_env",
          "status": "pass"
        }
      ]
    },
    {
      "object_kind": "var",
      "config_addr": "var.master_worker_count",
      "status": "pass",
      "objects": [
        {
          "object_addr": "var.master_worker_count",
          "status": "pass"
        }
      ]
    }
  ]
}
