{
  "version": 4,
  "terraform_version": "1.14.7",
  "serial": 200,
  "lineage": "a9266493-76af-8afa-12f2-2b0c2c036d96",
  "outputs": {
    "ansible_inventory": {
      "value": {
        "cluster_env": "prod",
        "master_workers": [
          {
            "ansible_user": "devver",
            "ip": "192.168.45.110",
            "name": "DEVVER-K8S-PROD-MW-1",
            "role": "master-worker"
          },
          {
            "ansible_user": "devver",
            "ip": "192.168.45.111",
            "name": "DEVVER-K8S-PROD-MW-2",
            "role": "master-worker"
          },
          {
            "ansible_user": "devver",
            "ip": "192.168.45.112",
            "name": "DEVVER-K8S-PROD-MW-3",
            "role": "master-worker"
          }
        ],
        "workers": []
      },
      "type": [
        "object",
        {
          "cluster_env": "string",
          "master_workers": [
            "tuple",
            [
              [
                "object",
                {
                  "ansible_user": "string",
                  "ip": "string",
                  "name": "string",
                  "role": "string"
                }
              ],
              [
                "object",
                {
                  "ansible_user": "string",
                  "ip": "string",
                  "name": "string",
                  "role": "string"
                }
              ],
              [
                "object",
                {
                  "ansible_user": "string",
                  "ip": "string",
                  "name": "string",
                  "role": "string"
                }
              ]
            ]
          ],
          "workers": [
            "tuple",
            []
          ]
        }
      ]
    },
    "loadbalancer_ip": {
      "value": "192.168.45.81",
      "type": "string"
    },
    "provisioned_ips": {
      "value": [
        "192.168.45.110",
        "192.168.45.111",
        "192.168.45.112",
        "192.168.45.81"
      ],
      "type": [
        "tuple",
        [
          "string",
          "string",
          "string",
          "string"
        ]
      ]
    }
  },
  "resources": [
    {
      "mode": "managed",
      "type": "local_file",
      "name": "cluster_yaml",
      "provider": "provider[\"registry.terraform.io/hashicorp/local\"]",
      "instances": [
        {
          "schema_version": 0,
          "attributes": {
            "content": "cluster: DEVVER-K8S-PROD\nenv: prod\nstatus: active\nloadbalancer_ip: 192.168.45.81\nprovisioned_ips: [\"192.168.45.110\",\"192.168.45.111\",\"192.168.45.112\",\"192.168.45.81\"]\nmaster_worker_count: 3\nworker_count: 0\nmw_ip_base: 110\nlb_ip_offset: 81\n",
            "content_base64": null,
            "content_base64sha256": "8Cq/HbXaP2oesjyn+OERCdiOiT6Uj7drfobwwh7xMhE=",
            "content_base64sha512": "ilnUPu5pkh+c/3/3iZJ7u5oE9dkvVy4Uv7/kRvOGBZ0hy4Bo0SRr5rDHY2GA6NISFiKc2k7Xh3ZqiISGyc3y9A==",
            "content_md5": "488bbdebcd64a545f708bfe926983b72",
            "content_sha1": "1d8aa002c02260c6320da3e6f1da5f1e43195de7",
            "content_sha256": "f02abf1db5da3f6a1eb23ca7f8e11109d88e893e948fb76b7e86f0c21ef13211",
            "content_sha512": "8a59d43eee69921f9cff7ff789927bbb9a04f5d92f572e14bfbfe446f386059d21cb8068d1246be6b0c7636180e8d21216229cda4ed787766a888486c9cdf2f4",
            "directory_permission": "0777",
            "file_permission": "0777",
            "filename": "./inventory/prod-cluster.yaml",
            "id": "1d8aa002c02260c6320da3e6f1da5f1e43195de7",
            "sensitive_content": null,
            "source": null
          },
          "sensitive_attributes": [
            [
              {
                "type": "get_attr",
                "value": "sensitive_content"
              }
            ]
          ],
          "identity_schema_version": 0
        }
      ]
    },
    {
      "mode": "managed",
      "type": "local_file",
      "name": "inventory_ini",
      "provider": "provider[\"registry.terraform.io/hashicorp/local\"]",
      "instances": [
        {
          "schema_version": 0,
          "attributes": {
            "content": "# Généré automatiquement par Terraform\n# Cluster : DEVVER-K8S-PROD\n\n[kube_control_plane]\nDEVVER-K8S-PROD-MW-1 ansible_host=192.168.45.110 ansible_user=devver\nDEVVER-K8S-PROD-MW-2 ansible_host=192.168.45.111 ansible_user=devver\nDEVVER-K8S-PROD-MW-3 ansible_host=192.168.45.112 ansible_user=devver\n\n[kube_node]\nDEVVER-K8S-PROD-MW-1 ansible_host=192.168.45.110 ansible_user=devver\nDEVVER-K8S-PROD-MW-2 ansible_host=192.168.45.111 ansible_user=devver\nDEVVER-K8S-PROD-MW-3 ansible_host=192.168.45.112 ansible_user=devver\n\n\n[etcd]\nDEVVER-K8S-PROD-MW-1 ansible_host=192.168.45.110 ansible_user=devver\nDEVVER-K8S-PROD-MW-2 ansible_host=192.168.45.111 ansible_user=devver\nDEVVER-K8S-PROD-MW-3 ansible_host=192.168.45.112 ansible_user=devver\n\n[k8s_cluster:children]\nkube_control_plane\nkube_node\n",
            "content_base64": null,
            "content_base64sha256": "RVKub4GPlZCNl0eUwjme2gdDq1D28qipbcNeWJRKQOM=",
            "content_base64sha512": "GLbkIS59sAb0FjTlQrWJH1qWG/HcK3tC+OCO76IuP4hrTuE4JsMvdKCK/SjfHywDStr/Ou7Wi2p9ku2a3cqfqw==",
            "content_md5": "30cfe1fe624da1abdbf00ae55008a98e",
            "content_sha1": "61d5261dbe6ab817e097b9095832c428fe5dcaff",
            "content_sha256": "4552ae6f818f95908d974794c2399eda0743ab50f6f2a8a96dc35e58944a40e3",
            "content_sha512": "18b6e4212e7db006f41634e542b5891f5a961bf1dc2b7b42f8e08eefa22e3f886b4ee13826c32f74a08afd28df1f2c034adaff3aeed68b6a7d92ed9addca9fab",
            "directory_permission": "0777",
            "file_permission": "0777",
            "filename": "./inventory/prod-inventory.ini",
            "id": "61d5261dbe6ab817e097b9095832c428fe5dcaff",
            "sensitive_content": null,
            "source": null
          },
          "sensitive_attributes": [
            [
              {
                "type": "get_attr",
                "value": "sensitive_content"
              }
            ]
          ],
          "identity_schema_version": 0
        }
      ]
    },
    {
      "mode": "managed",
      "type": "local_file",
      "name": "inventory_json",
      "provider": "provider[\"registry.terraform.io/hashicorp/local\"]",
      "instances": [
        {
          "schema_version": 0,
          "attributes": {
            "content": "{\"cluster_env\":\"prod\",\"master_workers\":[{\"ansible_user\":\"devver\",\"ip\":\"192.168.45.110\",\"name\":\"DEVVER-K8S-PROD-MW-1\",\"role\":\"master-worker\"},{\"ansible_user\":\"devver\",\"ip\":\"192.168.45.111\",\"name\":\"DEVVER-K8S-PROD-MW-2\",\"role\":\"master-worker\"},{\"ansible_user\":\"devver\",\"ip\":\"192.168.45.112\",\"name\":\"DEVVER-K8S-PROD-MW-3\",\"role\":\"master-worker\"}],\"workers\":[]}",
            "content_base64": null,
            "content_base64sha256": "pjDGid5wsdzFs3FReOdYSK7baxbVKPiHX1/J6t8Ll5o=",
            "content_base64sha512": "eqZVMl/aY8BqpAxkDzTeuhaQ9pCQgeBQ2T4ktPn7KNvsN9NRVJzh6vW4aJMOvX8mV4rC4Zsvi3YPYiVSbosOgw==",
            "content_md5": "5d05557403308fe24c094beb0bf22f80",
            "content_sha1": "9c3b5428333a1f3250b6589e572e74baba1a27ba",
            "content_sha256": "a630c689de70b1dcc5b3715178e75848aedb6b16d528f8875f5fc9eadf0b979a",
            "content_sha512": "7aa655325fda63c06aa40c640f34deba1690f6909081e050d93e24b4f9fb28dbec37d351549ce1eaf5b868930ebd7f26578ac2e19b2f8b760f6225526e8b0e83",
            "directory_permission": "0777",
            "file_permission": "0777",
            "filename": "./inventory/prod-inventory.json",
            "id": "9c3b5428333a1f3250b6589e572e74baba1a27ba",
            "sensitive_content": null,
            "source": null
          },
          "sensitive_attributes": [
            [
              {
                "type": "get_attr",
                "value": "sensitive_content"
              }
            ]
          ],
          "identity_schema_version": 0
        }
      ]
    },
    {
      "module": "module.k8s_cluster",
      "mode": "managed",
      "type": "proxmox_virtual_environment_vm",
      "name": "master_worker",
      "provider": "provider[\"registry.terraform.io/bpg/proxmox\"]",
      "instances": [
        {
          "index_key": "192.168.45.110",
          "schema_version": 0,
          "attributes": {
            "acpi": true,
            "agent": [
              {
                "enabled": true,
                "timeout": "15m",
                "trim": false,
                "type": "virtio",
                "wait_for_ip": []
              }
            ],
            "amd_sev": [],
            "audio_device": [],
            "bios": "seabios",
            "boot_order": [],
            "cdrom": [],
            "clone": [
              {
                "datastore_id": "",
                "full": true,
                "node_name": "",
                "retries": 1,
                "vm_id": 9000
              }
            ],
            "cpu": [
              {
                "affinity": "",
                "architecture": "",
                "cores": 4,
                "flags": null,
                "hotplugged": 0,
                "limit": 0,
                "numa": false,
                "sockets": 1,
                "type": "x86-64-v2-AES",
                "units": 0
              }
            ],
            "delete_unreferenced_disks_on_destroy": true,
            "description": "Kubernetes Master+Worker - prod",
            "disk": [
              {
                "aio": "io_uring",
                "backup": true,
                "cache": "none",
                "datastore_id": "SSD-PVE-DATA",
                "discard": "ignore",
                "file_format": "raw",
                "file_id": "",
                "import_from": "",
                "interface": "scsi0",
                "iothread": true,
                "path_in_datastore": "vm-45110-disk-0",
                "replicate": true,
                "serial": "",
                "size": 40,
                "speed": [],
                "ssd": false
              },
              {
                "aio": "io_uring",
                "backup": true,
                "cache": "none",
                "datastore_id": "SSD-PVE-DATA",
                "discard": "ignore",
                "file_format": "raw",
                "file_id": "",
                "import_from": "",
                "interface": "scsi1",
                "iothread": true,
                "path_in_datastore": "vm-45110-disk-1",
                "replicate": true,
                "serial": "",
                "size": 150,
                "speed": [],
                "ssd": false
              }
            ],
            "efi_disk": [],
            "hook_script_file_id": null,
            "hostpci": [],
            "hotplug": null,
            "id": "45110",
            "initialization": [
              {
                "datastore_id": "SSD-PVE-DATA",
                "dns": [],
                "file_format": "",
                "interface": "ide2",
                "ip_config": [
                  {
                    "ipv4": [
                      {
                        "address": "192.168.45.110/24",
                        "gateway": "192.168.45.200"
                      }
                    ],
                    "ipv6": []
                  }
                ],
                "meta_data_file_id": "",
                "network_data_file_id": "",
                "type": "",
                "user_account": [
                  {
                    "keys": [
                      "ssh-ed25519 AAAAC3NzaC1lZDI1NTE5AAAAILpXTMlkAJzwvi2llxwIyQfvMh1LBOVZnpCz+4H2alkH victor@PC-PORT"
                    ],
                    "password": "",
                    "username": "devver"
                  }
                ],
                "user_data_file_id": "",
                "vendor_data_file_id": "local:snippets/qemu-guest-agent.yml"
              }
            ],
            "ipv4_addresses": [
              [
                "127.0.0.1"
              ],
              [
                "192.168.45.110"
              ]
            ],
            "ipv6_addresses": [
              [
                "::1"
              ],
              [
                "fe80::be24:11ff:fe0a:acec"
              ]
            ],
            "keyboard_layout": "en-us",
            "kvm_arguments": null,
            "mac_addresses": [
              "00:00:00:00:00:00",
              "BC:24:11:0A:AC:EC"
            ],
            "machine": null,
            "memory": [
              {
                "dedicated": 3072,
                "floating": 0,
                "hugepages": "",
                "keep_hugepages": false,
                "shared": 0
              }
            ],
            "migrate": false,
            "name": "DEVVER-K8S-PROD-MW-1",
            "network_device": [
              {
                "bridge": "vmbr1",
                "disconnected": false,
                "enabled": true,
                "firewall": false,
                "mac_address": "BC:24:11:0A:AC:EC",
                "model": "virtio",
                "mtu": 0,
                "queues": 0,
                "rate_limit": 0,
                "trunks": "",
                "vlan_id": 45
              }
            ],
            "network_interface_names": [
              "lo",
              "eth0"
            ],
            "node_name": "PROXMOX-PVE1",
            "numa": [],
            "on_boot": true,
            "operating_system": [],
            "pool_id": "",
            "protection": false,
            "purge_on_destroy": true,
            "reboot": false,
            "reboot_after_update": true,
            "rng": [],
            "scsi_hardware": "virtio-scsi-single",
            "serial_device": [],
            "smbios": [],
            "started": true,
            "startup": [],
            "stop_on_destroy": false,
            "tablet_device": true,
            "tags": [
              "devver",
              "k8s",
              "master-worker",
              "prod"
            ],
            "template": false,
            "timeout_clone": 1800,
            "timeout_create": 1800,
            "timeout_migrate": 1800,
            "timeout_move_disk": 1800,
            "timeout_reboot": 1800,
            "timeout_shutdown_vm": 1800,
            "timeout_start_vm": 1800,
            "timeout_stop_vm": 300,
            "tpm_state": [],
            "usb": [],
            "vga": [],
            "virtiofs": [],
            "vm_id": 45110,
            "watchdog": []
          },
          "sensitive_attributes": [
            [
              {
                "type": "get_attr",
                "value": "initialization"
              },
              {
                "type": "index",
                "value": {
                  "value": 0,
                  "type": "number"
                }
              },
              {
                "type": "get_attr",
                "value": "user_account"
              },
              {
                "type": "index",
                "value": {
                  "value": 0,
                  "type": "number"
                }
              },
              {
                "type": "get_attr",
                "value": "keys"
              },
              {
                "type": "index",
                "value": {
                  "value": 0,
                  "type": "number"
                }
              }
            ],
            [
              {
                "type": "get_attr",
                "value": "initialization"
              },
              {
                "type": "index",
                "value": {
                  "value": 0,
                  "type": "number"
                }
              },
              {
                "type": "get_attr",
                "value": "user_account"
              },
              {
                "type": "index",
                "value": {
                  "value": 0,
                  "type": "number"
                }
              },
              {
                "type": "get_attr",
                "value": "password"
              }
            ]
          ],
          "identity_schema_version": 0,
          "private": "bnVsbA=="
        },
        {
          "index_key": "192.168.45.111",
          "schema_version": 0,
          "attributes": {
            "acpi": true,
            "agent": [
              {
                "enabled": true,
                "timeout": "15m",
                "trim": false,
                "type": "virtio",
                "wait_for_ip": []
              }
            ],
            "amd_sev": [],
            "audio_device": [],
            "bios": "seabios",
            "boot_order": [],
            "cdrom": [],
            "clone": [
              {
                "datastore_id": "",
                "full": true,
                "node_name": "",
                "retries": 1,
                "vm_id": 9000
              }
            ],
            "cpu": [
              {
                "affinity": "",
                "architecture": "",
                "cores": 4,
                "flags": null,
                "hotplugged": 0,
                "limit": 0,
                "numa": false,
                "sockets": 1,
                "type": "x86-64-v2-AES",
                "units": 0
              }
            ],
            "delete_unreferenced_disks_on_destroy": true,
            "description": "Kubernetes Master+Worker - prod",
            "disk": [
              {
                "aio": "io_uring",
                "backup": true,
                "cache": "none",
                "datastore_id": "SSD-PVE-DATA",
                "discard": "ignore",
                "file_format": "raw",
                "file_id": "",
                "import_from": "",
                "interface": "scsi0",
                "iothread": true,
                "path_in_datastore": "vm-45111-disk-0",
                "replicate": true,
                "serial": "",
                "size": 40,
                "speed": [],
                "ssd": false
              },
              {
                "aio": "io_uring",
                "backup": true,
                "cache": "none",
                "datastore_id": "SSD-PVE-DATA",
                "discard": "ignore",
                "file_format": "raw",
                "file_id": "",
                "import_from": "",
                "interface": "scsi1",
                "iothread": true,
                "path_in_datastore": "vm-45111-disk-1",
                "replicate": true,
                "serial": "",
                "size": 150,
                "speed": [],
                "ssd": false
              }
            ],
            "efi_disk": [],
            "hook_script_file_id": null,
            "hostpci": [],
            "hotplug": null,
            "id": "45111",
            "initialization": [
              {
                "datastore_id": "SSD-PVE-DATA",
                "dns": [],
                "file_format": "",
                "interface": "ide2",
                "ip_config": [
                  {
                    "ipv4": [
                      {
                        "address": "192.168.45.111/24",
                        "gateway": "192.168.45.200"
                      }
                    ],
                    "ipv6": []
                  }
                ],
                "meta_data_file_id": "",
                "network_data_file_id": "",
                "type": "",
                "user_account": [
                  {
                    "keys": [
                      "ssh-ed25519 AAAAC3NzaC1lZDI1NTE5AAAAILpXTMlkAJzwvi2llxwIyQfvMh1LBOVZnpCz+4H2alkH victor@PC-PORT"
                    ],
                    "password": "",
                    "username": "devver"
                  }
                ],
                "user_data_file_id": "",
                "vendor_data_file_id": "local:snippets/qemu-guest-agent.yml"
              }
            ],
            "ipv4_addresses": [
              [
                "127.0.0.1"
              ],
              [
                "192.168.45.111"
              ]
            ],
            "ipv6_addresses": [
              [
                "::1"
              ],
              [
                "fe80::be24:11ff:fe23:633a"
              ]
            ],
            "keyboard_layout": "en-us",
            "kvm_arguments": null,
            "mac_addresses": [
              "00:00:00:00:00:00",
              "BC:24:11:23:63:3A"
            ],
            "machine": null,
            "memory": [
              {
                "dedicated": 3072,
                "floating": 0,
                "hugepages": "",
                "keep_hugepages": false,
                "shared": 0
              }
            ],
            "migrate": false,
            "name": "DEVVER-K8S-PROD-MW-2",
            "network_device": [
              {
                "bridge": "vmbr1",
                "disconnected": false,
                "enabled": true,
                "firewall": false,
                "mac_address": "BC:24:11:23:63:3A",
                "model": "virtio",
                "mtu": 0,
                "queues": 0,
                "rate_limit": 0,
                "trunks": "",
                "vlan_id": 45
              }
            ],
            "network_interface_names": [
              "lo",
              "eth0"
            ],
            "node_name": "PROXMOX-PVE1",
            "numa": [],
            "on_boot": true,
            "operating_system": [],
            "pool_id": "",
            "protection": false,
            "purge_on_destroy": true,
            "reboot": false,
            "reboot_after_update": true,
            "rng": [],
            "scsi_hardware": "virtio-scsi-single",
            "serial_device": [],
            "smbios": [],
            "started": true,
            "startup": [],
            "stop_on_destroy": false,
            "tablet_device": true,
            "tags": [
              "devver",
              "k8s",
              "master-worker",
              "prod"
            ],
            "template": false,
            "timeout_clone": 1800,
            "timeout_create": 1800,
            "timeout_migrate": 1800,
            "timeout_move_disk": 1800,
            "timeout_reboot": 1800,
            "timeout_shutdown_vm": 1800,
            "timeout_start_vm": 1800,
            "timeout_stop_vm": 300,
            "tpm_state": [],
            "usb": [],
            "vga": [],
            "virtiofs": [],
            "vm_id": 45111,
            "watchdog": []
          },
          "sensitive_attributes": [
            [
              {
                "type": "get_attr",
                "value": "initialization"
              },
              {
                "type": "index",
                "value": {
                  "value": 0,
                  "type": "number"
                }
              },
              {
                "type": "get_attr",
                "value": "user_account"
              },
              {
                "type": "index",
                "value": {
                  "value": 0,
                  "type": "number"
                }
              },
              {
                "type": "get_attr",
                "value": "keys"
              },
              {
                "type": "index",
                "value": {
                  "value": 0,
                  "type": "number"
                }
              }
            ],
            [
              {
                "type": "get_attr",
                "value": "initialization"
              },
              {
                "type": "index",
                "value": {
                  "value": 0,
                  "type": "number"
                }
              },
              {
                "type": "get_attr",
                "value": "user_account"
              },
              {
                "type": "index",
                "value": {
                  "value": 0,
                  "type": "number"
                }
              },
              {
                "type": "get_attr",
                "value": "password"
              }
            ]
          ],
          "identity_schema_version": 0,
          "private": "bnVsbA=="
        },
        {
          "index_key": "192.168.45.112",
          "schema_version": 0,
          "attributes": {
            "acpi": true,
            "agent": [
              {
                "enabled": true,
                "timeout": "15m",
                "trim": false,
                "type": "virtio",
                "wait_for_ip": []
              }
            ],
            "amd_sev": [],
            "audio_device": [],
            "bios": "seabios",
            "boot_order": [],
            "cdrom": [],
            "clone": [
              {
                "datastore_id": "",
                "full": true,
                "node_name": "",
                "retries": 1,
                "vm_id": 9000
              }
            ],
            "cpu": [
              {
                "affinity": "",
                "architecture": "",
                "cores": 4,
                "flags": null,
                "hotplugged": 0,
                "limit": 0,
                "numa": false,
                "sockets": 1,
                "type": "x86-64-v2-AES",
                "units": 0
              }
            ],
            "delete_unreferenced_disks_on_destroy": true,
            "description": "Kubernetes Master+Worker - prod",
            "disk": [
              {
                "aio": "io_uring",
                "backup": true,
                "cache": "none",
                "datastore_id": "SSD-PVE-DATA",
                "discard": "ignore",
                "file_format": "raw",
                "file_id": "",
                "import_from": "",
                "interface": "scsi0",
                "iothread": true,
                "path_in_datastore": "vm-45112-disk-0",
                "replicate": true,
                "serial": "",
                "size": 40,
                "speed": [],
                "ssd": false
              },
              {
                "aio": "io_uring",
                "backup": true,
                "cache": "none",
                "datastore_id": "SSD-PVE-DATA",
                "discard": "ignore",
                "file_format": "raw",
                "file_id": "",
                "import_from": "",
                "interface": "scsi1",
                "iothread": true,
                "path_in_datastore": "vm-45112-disk-1",
                "replicate": true,
                "serial": "",
                "size": 150,
                "speed": [],
                "ssd": false
              }
            ],
            "efi_disk": [],
            "hook_script_file_id": null,
            "hostpci": [],
            "hotplug": null,
            "id": "45112",
            "initialization": [
              {
                "datastore_id": "SSD-PVE-DATA",
                "dns": [],
                "file_format": "",
                "interface": "ide2",
                "ip_config": [
                  {
                    "ipv4": [
                      {
                        "address": "192.168.45.112/24",
                        "gateway": "192.168.45.200"
                      }
                    ],
                    "ipv6": []
                  }
                ],
                "meta_data_file_id": "",
                "network_data_file_id": "",
                "type": "",
                "user_account": [
                  {
                    "keys": [
                      "ssh-ed25519 AAAAC3NzaC1lZDI1NTE5AAAAILpXTMlkAJzwvi2llxwIyQfvMh1LBOVZnpCz+4H2alkH victor@PC-PORT"
                    ],
                    "password": "",
                    "username": "devver"
                  }
                ],
                "user_data_file_id": "",
                "vendor_data_file_id": "local:snippets/qemu-guest-agent.yml"
              }
            ],
            "ipv4_addresses": [
              [
                "127.0.0.1"
              ],
              [
                "192.168.45.112"
              ]
            ],
            "ipv6_addresses": [
              [
                "::1"
              ],
              [
                "fe80::be24:11ff:fe34:93fd"
              ]
            ],
            "keyboard_layout": "en-us",
            "kvm_arguments": null,
            "mac_addresses": [
              "00:00:00:00:00:00",
              "BC:24:11:34:93:FD"
            ],
            "machine": null,
            "memory": [
              {
                "dedicated": 3072,
                "floating": 0,
                "hugepages": "",
                "keep_hugepages": false,
                "shared": 0
              }
            ],
            "migrate": false,
            "name": "DEVVER-K8S-PROD-MW-3",
            "network_device": [
              {
                "bridge": "vmbr1",
                "disconnected": false,
                "enabled": true,
                "firewall": false,
                "mac_address": "BC:24:11:34:93:FD",
                "model": "virtio",
                "mtu": 0,
                "queues": 0,
                "rate_limit": 0,
                "trunks": "",
                "vlan_id": 45
              }
            ],
            "network_interface_names": [
              "lo",
              "eth0"
            ],
            "node_name": "PROXMOX-PVE1",
            "numa": [],
            "on_boot": true,
            "operating_system": [],
            "pool_id": "",
            "protection": false,
            "purge_on_destroy": true,
            "reboot": false,
            "reboot_after_update": true,
            "rng": [],
            "scsi_hardware": "virtio-scsi-single",
            "serial_device": [],
            "smbios": [],
            "started": true,
            "startup": [],
            "stop_on_destroy": false,
            "tablet_device": true,
            "tags": [
              "devver",
              "k8s",
              "master-worker",
              "prod"
            ],
            "template": false,
            "timeout_clone": 1800,
            "timeout_create": 1800,
            "timeout_migrate": 1800,
            "timeout_move_disk": 1800,
            "timeout_reboot": 1800,
            "timeout_shutdown_vm": 1800,
            "timeout_start_vm": 1800,
            "timeout_stop_vm": 300,
            "tpm_state": [],
            "usb": [],
            "vga": [],
            "virtiofs": [],
            "vm_id": 45112,
            "watchdog": []
          },
          "sensitive_attributes": [
            [
              {
                "type": "get_attr",
                "value": "initialization"
              },
              {
                "type": "index",
                "value": {
                  "value": 0,
                  "type": "number"
                }
              },
              {
                "type": "get_attr",
                "value": "user_account"
              },
              {
                "type": "index",
                "value": {
                  "value": 0,
                  "type": "number"
                }
              },
              {
                "type": "get_attr",
                "value": "keys"
              },
              {
                "type": "index",
                "value": {
                  "value": 0,
                  "type": "number"
                }
              }
            ],
            [
              {
                "type": "get_attr",
                "value": "initialization"
              },
              {
                "type": "index",
                "value": {
                  "value": 0,
                  "type": "number"
                }
              },
              {
                "type": "get_attr",
                "value": "user_account"
              },
              {
                "type": "index",
                "value": {
                  "value": 0,
                  "type": "number"
                }
              },
              {
                "type": "get_attr",
                "value": "password"
              }
            ]
          ],
          "identity_schema_version": 0,
          "private": "bnVsbA=="
        }
      ]
    }
  ],
  "check_results": [
    {
      "object_kind": "var",
      "config_addr": "var.cluster_env",
      "status": "pass",
      "objects": [
        {
          "object_addr": "var.cluster_env",
          "status": "pass"
        }
      ]
    },
    {
      "object_kind": "var",
      "config_addr": "var.master_worker_count",
      "status": "pass",
      "objects": [
        {
          "object_addr": "var.master_worker_count",
          "status": "pass"
        }
      ]
    },
    {
      "object_kind": "var",
      "config_addr": "module.k8s_cluster.var.master_worker_count",
      "status": "pass",
      "objects": [
        {
          "object_addr": "module.k8s_cluster.var.master_worker_count",
          "status": "pass"
        }
      ]
    },
    {
      "object_kind": "var",
      "config_addr": "module.k8s_cluster.var.cluster_env",
      "status": "pass",
      "objects": [
        {
          "object_addr": "module.k8s_cluster.var.cluster_env",
          "status": "pass"
        }
      ]
    }
  ]
}
