{
  "version": 4,
  "terraform_version": "1.14.7",
  "serial": 83,
  "lineage": "a9266493-76af-8afa-12f2-2b0c2c036d96",
  "outputs": {
    "ansible_inventory": {
      "value": {
        "cluster_env": "test",
        "master_workers": [
          {
            "ansible_user": "devver",
            "ip": "192.168.45.100",
            "name": "DEVVER-K8S-TEST-MW-1",
            "role": "master-worker"
          },
          {
            "ansible_user": "devver",
            "ip": "192.168.45.101",
            "name": "DEVVER-K8S-TEST-MW-2",
            "role": "master-worker"
          },
          {
            "ansible_user": "devver",
            "ip": "192.168.45.102",
            "name": "DEVVER-K8S-TEST-MW-3",
            "role": "master-worker"
          }
        ],
        "workers": [
          {
            "ansible_user": "devver",
            "ip": "192.168.45.150",
            "name": "DEVVER-K8S-TEST-W-1",
            "role": "worker"
          }
        ]
      },
      "type": [
        "object",
        {
          "cluster_env": "string",
          "master_workers": [
            "tuple",
            [
              [
                "object",
                {
                  "ansible_user": "string",
                  "ip": "string",
                  "name": "string",
                  "role": "string"
                }
              ],
              [
                "object",
                {
                  "ansible_user": "string",
                  "ip": "string",
                  "name": "string",
                  "role": "string"
                }
              ],
              [
                "object",
                {
                  "ansible_user": "string",
                  "ip": "string",
                  "name": "string",
                  "role": "string"
                }
              ]
            ]
          ],
          "workers": [
            "tuple",
            [
              [
                "object",
                {
                  "ansible_user": "string",
                  "ip": "string",
                  "name": "string",
                  "role": "string"
                }
              ]
            ]
          ]
        }
      ]
    },
    "loadbalancer_ip": {
      "value": "192.168.45.80",
      "type": "string"
    },
    "provisioned_ips": {
      "value": [
        "192.168.45.100",
        "192.168.45.101",
        "192.168.45.102",
        "192.168.45.150",
        "192.168.45.80"
      ],
      "type": [
        "tuple",
        [
          "string",
          "string",
          "string",
          "string",
          "string"
        ]
      ]
    }
  },
  "resources": [
    {
      "mode": "managed",
      "type": "local_file",
      "name": "cluster_yaml",
      "provider": "provider[\"registry.terraform.io/hashicorp/local\"]",
      "instances": [
        {
          "schema_version": 0,
          "attributes": {
            "content": "cluster: DEVVER-K8S-TEST\nenv: test\nstatus: active\nloadbalancer_ip: 192.168.45.80\nprovisioned_ips: [\"192.168.45.100\",\"192.168.45.101\",\"192.168.45.102\",\"192.168.45.150\",\"192.168.45.80\"]\nmaster_worker_count: 3\nworker_count: 1\nmw_ip_base: 100\nlb_ip_offset: 80\n",
            "content_base64": null,
            "content_base64sha256": "ISvXoTzAMc0155ZeoO5V+48NaNskNuOI2dBUDIRJ0dI=",
            "content_base64sha512": "wZG9xvSB7ZCwaW7KIdfMhVz9+trBMSq0IpMIVcv/Qk6RqX22k3q/PM6mLujD6gS4C9pqQ0BUvtMe2SRvDIf9Gg==",
            "content_md5": "4266361f0858c3f755ad0e4d64f9d14f",
            "content_sha1": "348220c109cbbf81e2e30e4381dba9e16b013ac6",
            "content_sha256": "212bd7a13cc031cd35e7965ea0ee55fb8f0d68db2436e388d9d0540c8449d1d2",
            "content_sha512": "c191bdc6f481ed90b0696eca21d7cc855cfdfadac1312ab422930855cbff424e91a97db6937abf3ccea62ee8c3ea04b80bda6a434054bed31ed9246f0c87fd1a",
            "directory_permission": "0777",
            "file_permission": "0777",
            "filename": "./inventory/test-cluster.yaml",
            "id": "348220c109cbbf81e2e30e4381dba9e16b013ac6",
            "sensitive_content": null,
            "source": null
          },
          "sensitive_attributes": [
            [
              {
                "type": "get_attr",
                "value": "sensitive_content"
              }
            ]
          ],
          "identity_schema_version": 0
        }
      ]
    },
    {
      "mode": "managed",
      "type": "local_file",
      "name": "inventory_ini",
      "provider": "provider[\"registry.terraform.io/hashicorp/local\"]",
      "instances": [
        {
          "schema_version": 0,
          "attributes": {
            "content": "# Généré automatiquement par Terraform\n# Cluster : DEVVER-K8S-TEST\n\n[kube_control_plane]\nDEVVER-K8S-TEST-MW-1 ansible_host=192.168.45.100 ansible_user=devver\nDEVVER-K8S-TEST-MW-2 ansible_host=192.168.45.101 ansible_user=devver\nDEVVER-K8S-TEST-MW-3 ansible_host=192.168.45.102 ansible_user=devver\n\n[kube_node]\nDEVVER-K8S-TEST-MW-1 ansible_host=192.168.45.100 ansible_user=devver\nDEVVER-K8S-TEST-MW-2 ansible_host=192.168.45.101 ansible_user=devver\nDEVVER-K8S-TEST-MW-3 ansible_host=192.168.45.102 ansible_user=devver\nDEVVER-K8S-TEST-W-1 ansible_host=192.168.45.150 ansible_user=devver\n\n[etcd]\nDEVVER-K8S-TEST-MW-1 ansible_host=192.168.45.100 ansible_user=devver\nDEVVER-K8S-TEST-MW-2 ansible_host=192.168.45.101 ansible_user=devver\nDEVVER-K8S-TEST-MW-3 ansible_host=192.168.45.102 ansible_user=devver\n\n[k8s_cluster:children]\nkube_control_plane\nkube_node\n",
            "content_base64": null,
            "content_base64sha256": "YUdwc2aEx4EHR6ZT5rYlBmGjLgXvKbLIk+eZ5ysWqng=",
            "content_base64sha512": "Yt7c/Kb1o/VpihJM2qetZhID4x3iQUtF5Tg5QDa7pd2Qt9+eLSEDGiO5zCc3mtxxjGgQTo8dZqjrAlLHZ5LLCA==",
            "content_md5": "19a3b28260436953e391dc2b6db885e4",
            "content_sha1": "846119dacb152f18f9b8bbd0583966862f1fd262",
            "content_sha256": "614770736684c7810747a653e6b6250661a32e05ef29b2c893e799e72b16aa78",
            "content_sha512": "62dedcfca6f5a3f5698a124cdaa7ad661203e31de2414b45e538394036bba5dd90b7df9e2d21031a23b9cc27379adc718c68104e8f1d66a8eb0252c76792cb08",
            "directory_permission": "0777",
            "file_permission": "0777",
            "filename": "./inventory/test-inventory.ini",
            "id": "846119dacb152f18f9b8bbd0583966862f1fd262",
            "sensitive_content": null,
            "source": null
          },
          "sensitive_attributes": [
            [
              {
                "type": "get_attr",
                "value": "sensitive_content"
              }
            ]
          ],
          "identity_schema_version": 0
        }
      ]
    },
    {
      "mode": "managed",
      "type": "local_file",
      "name": "inventory_json",
      "provider": "provider[\"registry.terraform.io/hashicorp/local\"]",
      "instances": [
        {
          "schema_version": 0,
          "attributes": {
            "content": "{\"cluster_env\":\"test\",\"master_workers\":[{\"ansible_user\":\"devver\",\"ip\":\"192.168.45.100\",\"name\":\"DEVVER-K8S-TEST-MW-1\",\"role\":\"master-worker\"},{\"ansible_user\":\"devver\",\"ip\":\"192.168.45.101\",\"name\":\"DEVVER-K8S-TEST-MW-2\",\"role\":\"master-worker\"},{\"ansible_user\":\"devver\",\"ip\":\"192.168.45.102\",\"name\":\"DEVVER-K8S-TEST-MW-3\",\"role\":\"master-worker\"}],\"workers\":[{\"ansible_user\":\"devver\",\"ip\":\"192.168.45.150\",\"name\":\"DEVVER-K8S-TEST-W-1\",\"role\":\"worker\"}]}",
            "content_base64": null,
            "content_base64sha256": "Uj0LHUinSjlBQ8J2WGeGWq0E51Owy4kklw3CfeLkD+4=",
            "content_base64sha512": "2JLzoCsBpe4O5vFbbTmRhOMAT8rLAumiNTAr8F44kwwb2xuBg/dPbR9WyYSPKulfzs7pQyLoLyacsqItIJV9mQ==",
            "content_md5": "8b5c01cd5000c6067cdfc214977697bb",
            "content_sha1": "c6415e108797b47128643218b9cb893a4a2c3ad6",
            "content_sha256": "523d0b1d48a74a394143c2765867865aad04e753b0cb8924970dc27de2e40fee",
            "content_sha512": "d892f3a02b01a5ee0ee6f15b6d399184e3004fcacb02e9a235302bf05e38930c1bdb1b8183f74f6d1f56c9848f2ae95fcecee94322e82f269cb2a22d20957d99",
            "directory_permission": "0777",
            "file_permission": "0777",
            "filename": "./inventory/test-inventory.json",
            "id": "c6415e108797b47128643218b9cb893a4a2c3ad6",
            "sensitive_content": null,
            "source": null
          },
          "sensitive_attributes": [
            [
              {
                "type": "get_attr",
                "value": "sensitive_content"
              }
            ]
          ],
          "identity_schema_version": 0
        }
      ]
    },
    {
      "module": "module.k8s_cluster",
      "mode": "managed",
      "type": "proxmox_vm_qemu",
      "name": "master_worker",
      "provider": "provider[\"registry.terraform.io/telmate/proxmox\"]",
      "instances": [
        {
          "index_key": "192.168.45.100",
          "schema_version": 0,
          "attributes": {
            "additional_wait": 5,
            "agent": 1,
            "agent_timeout": 90,
            "args": "",
            "automatic_reboot": true,
            "automatic_reboot_severity": "error",
            "balloon": 0,
            "bios": "seabios",
            "boot": " ",
            "bootdisk": "",
            "ci_wait": null,
            "cicustom": "vendor=local:snippets/qemu-guest-agent.yml",
            "cipassword": "",
            "ciupgrade": true,
            "ciuser": "devver",
            "clone": "debian13-cloudinit",
            "clone_id": null,
            "clone_wait": 10,
            "cores": 0,
            "cpu": [
              {
                "affinity": "",
                "cores": 4,
                "flags": [],
                "limit": 0,
                "numa": false,
                "sockets": 1,
                "type": "host",
                "units": 0,
                "vcores": 0
              }
            ],
            "cpu_type": "",
            "current_node": "PROXMOX-PVE1",
            "default_ipv4_address": "192.168.45.100",
            "default_ipv6_address": "",
            "define_connection_info": true,
            "desc": null,
            "description": "Managed by Terraform.",
            "disk": [],
            "disks": [
              {
                "ide": [
                  {
                    "ide0": [],
                    "ide1": [
                      {
                        "cdrom": [],
                        "cloudinit": [
                          {
                            "storage": "SSD-PVE-DATA"
                          }
                        ],
                        "disk": [],
                        "ignore": false,
                        "passthrough": []
                      }
                    ],
                    "ide2": [],
                    "ide3": []
                  }
                ],
                "sata": [],
                "scsi": [
                  {
                    "scsi0": [
                      {
                        "cdrom": [],
                        "cloudinit": [],
                        "disk": [
                          {
                            "asyncio": "",
                            "backup": true,
                            "cache": "",
                            "discard": false,
                            "emulatessd": false,
                            "format": "raw",
                            "id": 0,
                            "iops_r_burst": 0,
                            "iops_r_burst_length": 0,
                            "iops_r_concurrent": 0,
                            "iops_wr_burst": 0,
                            "iops_wr_burst_length": 0,
                            "iops_wr_concurrent": 0,
                            "iothread": false,
                            "linked_disk_id": -1,
                            "mbps_r_burst": 0,
                            "mbps_r_concurrent": 0,
                            "mbps_wr_burst": 0,
                            "mbps_wr_concurrent": 0,
                            "readonly": false,
                            "replicate": false,
                            "serial": "",
                            "size": "40G",
                            "storage": "SSD-PVE-DATA",
                            "wwn": ""
                          }
                        ],
                        "ignore": false,
                        "passthrough": []
                      }
                    ],
                    "scsi1": [
                      {
                        "cdrom": [],
                        "cloudinit": [],
                        "disk": [
                          {
                            "asyncio": "",
                            "backup": true,
                            "cache": "",
                            "discard": false,
                            "emulatessd": false,
                            "format": "raw",
                            "id": 1,
                            "iops_r_burst": 0,
                            "iops_r_burst_length": 0,
                            "iops_r_concurrent": 0,
                            "iops_wr_burst": 0,
                            "iops_wr_burst_length": 0,
                            "iops_wr_concurrent": 0,
                            "iothread": false,
                            "linked_disk_id": -1,
                            "mbps_r_burst": 0,
                            "mbps_r_concurrent": 0,
                            "mbps_wr_burst": 0,
                            "mbps_wr_concurrent": 0,
                            "readonly": false,
                            "replicate": false,
                            "serial": "",
                            "size": "150G",
                            "storage": "SSD-PVE-DATA",
                            "wwn": ""
                          }
                        ],
                        "ignore": false,
                        "passthrough": []
                      }
                    ],
                    "scsi10": [],
                    "scsi11": [],
                    "scsi12": [],
                    "scsi13": [],
                    "scsi14": [],
                    "scsi15": [],
                    "scsi16": [],
                    "scsi17": [],
                    "scsi18": [],
                    "scsi19": [],
                    "scsi2": [],
                    "scsi20": [],
                    "scsi21": [],
                    "scsi22": [],
                    "scsi23": [],
                    "scsi24": [],
                    "scsi25": [],
                    "scsi26": [],
                    "scsi27": [],
                    "scsi28": [],
                    "scsi29": [],
                    "scsi3": [],
                    "scsi30": [],
                    "scsi4": [],
                    "scsi5": [],
                    "scsi6": [],
                    "scsi7": [],
                    "scsi8": [],
                    "scsi9": []
                  }
                ],
                "virtio": []
              }
            ],
            "efidisk": [],
            "force_create": false,
            "force_recreate_on_change_of": null,
            "full_clone": true,
            "hagroup": "",
            "hastate": "",
            "hostpci": [],
            "hotplug": "network,disk,usb",
            "id": "PROXMOX-PVE1/qemu/45100",
            "ipconfig0": "ip=192.168.45.100/24,gw=192.168.45.200",
            "ipconfig1": null,
            "ipconfig10": null,
            "ipconfig11": null,
            "ipconfig12": null,
            "ipconfig13": null,
            "ipconfig14": null,
            "ipconfig15": null,
            "ipconfig2": null,
            "ipconfig3": null,
            "ipconfig4": null,
            "ipconfig5": null,
            "ipconfig6": null,
            "ipconfig7": null,
            "ipconfig8": null,
            "ipconfig9": null,
            "kvm": true,
            "linked_vmid": 0,
            "machine": "",
            "memory": 3072,
            "name": "DEVVER-K8S-TEST-MW-1",
            "nameserver": "1.1.1.1 8.8.8.8",
            "network": [
              {
                "bridge": "vmbr1",
                "firewall": false,
                "id": 0,
                "link_down": false,
                "macaddr": "bc:24:11:66:5e:5a",
                "model": "virtio",
                "mtu": 0,
                "queues": 0,
                "rate": 0,
                "tag": 45
              }
            ],
            "numa": false,
            "onboot": null,
            "os_network_config": null,
            "os_type": null,
            "pci": [],
            "pcis": [],
            "pool": "",
            "protection": false,
            "pxe": null,
            "qemu_os": "other",
            "reboot_required": false,
            "rng": [],
            "scsihw": "virtio-scsi-single",
            "searchdomain": "",
            "serial": [
              {
                "id": 0,
                "type": "socket"
              }
            ],
            "skip_ipv4": false,
            "skip_ipv6": true,
            "smbios": [
              {
                "family": "",
                "manufacturer": "",
                "product": "",
                "serial": "",
                "sku": "",
                "uuid": "9bb4a5ff-0582-4384-82f8-04d2ac38d2b0",
                "version": ""
              }
            ],
            "sockets": 0,
            "ssh_forward_ip": null,
            "ssh_host": "192.168.45.100",
            "ssh_port": "22",
            "ssh_private_key": null,
            "ssh_user": null,
            "sshkeys": "ssh-ed25519 AAAAC3NzaC1lZDI1NTE5AAAAILpXTMlkAJzwvi2llxwIyQfvMh1LBOVZnpCz+4H2alkH victor@PC-PORT\n",
            "start_at_node_boot": false,
            "startup": null,
            "startup_shutdown": [
              {
                "order": -1,
                "shutdown_timeout": -1,
                "startup_delay": -1
              }
            ],
            "tablet": true,
            "tags": "devver;k8s;master-worker;test",
            "target_node": "PROXMOX-PVE1",
            "target_nodes": null,
            "timeouts": null,
            "tpm_state": [],
            "unused_disk": [],
            "usb": [],
            "usbs": [],
            "vcpus": 0,
            "vga": [],
            "vm_state": "running",
            "vmid": 45100
          },
          "sensitive_attributes": [
            [
              {
                "type": "get_attr",
                "value": "cipassword"
              }
            ],
            [
              {
                "type": "get_attr",
                "value": "ssh_private_key"
              }
            ],
            [
              {
                "type": "get_attr",
                "value": "sshkeys"
              }
            ]
          ],
          "identity_schema_version": 0,
          "private": "eyJlMmJmYjczMC1lY2FhLTExZTYtOGY4OC0zNDM2M2JjN2M0YzAiOnsiY3JlYXRlIjoxMjAwMDAwMDAwMDAwLCJkZWZhdWx0IjoxMjAwMDAwMDAwMDAwLCJkZWxldGUiOjEyMDAwMDAwMDAwMDAsInJlYWQiOjEyMDAwMDAwMDAwMDAsInVwZGF0ZSI6MTIwMDAwMDAwMDAwMH19"
        },
        {
          "index_key": "192.168.45.101",
          "schema_version": 0,
          "attributes": {
            "additional_wait": 5,
            "agent": 1,
            "agent_timeout": 90,
            "args": "",
            "automatic_reboot": true,
            "automatic_reboot_severity": "error",
            "balloon": 0,
            "bios": "seabios",
            "boot": " ",
            "bootdisk": "",
            "ci_wait": null,
            "cicustom": "vendor=local:snippets/qemu-guest-agent.yml",
            "cipassword": "",
            "ciupgrade": true,
            "ciuser": "devver",
            "clone": "debian13-cloudinit",
            "clone_id": null,
            "clone_wait": 10,
            "cores": 0,
            "cpu": [
              {
                "affinity": "",
                "cores": 4,
                "flags": [],
                "limit": 0,
                "numa": false,
                "sockets": 1,
                "type": "host",
                "units": 0,
                "vcores": 0
              }
            ],
            "cpu_type": "",
            "current_node": "PROXMOX-PVE1",
            "default_ipv4_address": "192.168.45.101",
            "default_ipv6_address": "",
            "define_connection_info": true,
            "desc": null,
            "description": "Managed by Terraform.",
            "disk": [],
            "disks": [
              {
                "ide": [
                  {
                    "ide0": [],
                    "ide1": [
                      {
                        "cdrom": [],
                        "cloudinit": [
                          {
                            "storage": "SSD-PVE-DATA"
                          }
                        ],
                        "disk": [],
                        "ignore": false,
                        "passthrough": []
                      }
                    ],
                    "ide2": [],
                    "ide3": []
                  }
                ],
                "sata": [],
                "scsi": [
                  {
                    "scsi0": [
                      {
                        "cdrom": [],
                        "cloudinit": [],
                        "disk": [
                          {
                            "asyncio": "",
                            "backup": true,
                            "cache": "",
                            "discard": false,
                            "emulatessd": false,
                            "format": "raw",
                            "id": 0,
                            "iops_r_burst": 0,
                            "iops_r_burst_length": 0,
                            "iops_r_concurrent": 0,
                            "iops_wr_burst": 0,
                            "iops_wr_burst_length": 0,
                            "iops_wr_concurrent": 0,
                            "iothread": false,
                            "linked_disk_id": -1,
                            "mbps_r_burst": 0,
                            "mbps_r_concurrent": 0,
                            "mbps_wr_burst": 0,
                            "mbps_wr_concurrent": 0,
                            "readonly": false,
                            "replicate": false,
                            "serial": "",
                            "size": "40G",
                            "storage": "SSD-PVE-DATA",
                            "wwn": ""
                          }
                        ],
                        "ignore": false,
                        "passthrough": []
                      }
                    ],
                    "scsi1": [
                      {
                        "cdrom": [],
                        "cloudinit": [],
                        "disk": [
                          {
                            "asyncio": "",
                            "backup": true,
                            "cache": "",
                            "discard": false,
                            "emulatessd": false,
                            "format": "raw",
                            "id": 1,
                            "iops_r_burst": 0,
                            "iops_r_burst_length": 0,
                            "iops_r_concurrent": 0,
                            "iops_wr_burst": 0,
                            "iops_wr_burst_length": 0,
                            "iops_wr_concurrent": 0,
                            "iothread": false,
                            "linked_disk_id": -1,
                            "mbps_r_burst": 0,
                            "mbps_r_concurrent": 0,
                            "mbps_wr_burst": 0,
                            "mbps_wr_concurrent": 0,
                            "readonly": false,
                            "replicate": false,
                            "serial": "",
                            "size": "150G",
                            "storage": "SSD-PVE-DATA",
                            "wwn": ""
                          }
                        ],
                        "ignore": false,
                        "passthrough": []
                      }
                    ],
                    "scsi10": [],
                    "scsi11": [],
                    "scsi12": [],
                    "scsi13": [],
                    "scsi14": [],
                    "scsi15": [],
                    "scsi16": [],
                    "scsi17": [],
                    "scsi18": [],
                    "scsi19": [],
                    "scsi2": [],
                    "scsi20": [],
                    "scsi21": [],
                    "scsi22": [],
                    "scsi23": [],
                    "scsi24": [],
                    "scsi25": [],
                    "scsi26": [],
                    "scsi27": [],
                    "scsi28": [],
                    "scsi29": [],
                    "scsi3": [],
                    "scsi30": [],
                    "scsi4": [],
                    "scsi5": [],
                    "scsi6": [],
                    "scsi7": [],
                    "scsi8": [],
                    "scsi9": []
                  }
                ],
                "virtio": []
              }
            ],
            "efidisk": [],
            "force_create": false,
            "force_recreate_on_change_of": null,
            "full_clone": true,
            "hagroup": "",
            "hastate": "",
            "hostpci": [],
            "hotplug": "network,disk,usb",
            "id": "PROXMOX-PVE1/qemu/45101",
            "ipconfig0": "ip=192.168.45.101/24,gw=192.168.45.200",
            "ipconfig1": null,
            "ipconfig10": null,
            "ipconfig11": null,
            "ipconfig12": null,
            "ipconfig13": null,
            "ipconfig14": null,
            "ipconfig15": null,
            "ipconfig2": null,
            "ipconfig3": null,
            "ipconfig4": null,
            "ipconfig5": null,
            "ipconfig6": null,
            "ipconfig7": null,
            "ipconfig8": null,
            "ipconfig9": null,
            "kvm": true,
            "linked_vmid": 0,
            "machine": "",
            "memory": 3072,
            "name": "DEVVER-K8S-TEST-MW-2",
            "nameserver": "1.1.1.1 8.8.8.8",
            "network": [
              {
                "bridge": "vmbr1",
                "firewall": false,
                "id": 0,
                "link_down": false,
                "macaddr": "bc:24:11:74:c3:1f",
                "model": "virtio",
                "mtu": 0,
                "queues": 0,
                "rate": 0,
                "tag": 45
              }
            ],
            "numa": false,
            "onboot": null,
            "os_network_config": null,
            "os_type": null,
            "pci": [],
            "pcis": [],
            "pool": "",
            "protection": false,
            "pxe": null,
            "qemu_os": "other",
            "reboot_required": false,
            "rng": [],
            "scsihw": "virtio-scsi-single",
            "searchdomain": "",
            "serial": [
              {
                "id": 0,
                "type": "socket"
              }
            ],
            "skip_ipv4": false,
            "skip_ipv6": true,
            "smbios": [
              {
                "family": "",
                "manufacturer": "",
                "product": "",
                "serial": "",
                "sku": "",
                "uuid": "1aaf311b-2a10-4a0f-a36c-2ea6d20d2a7c",
                "version": ""
              }
            ],
            "sockets": 0,
            "ssh_forward_ip": null,
            "ssh_host": "192.168.45.101",
            "ssh_port": "22",
            "ssh_private_key": null,
            "ssh_user": null,
            "sshkeys": "ssh-ed25519 AAAAC3NzaC1lZDI1NTE5AAAAILpXTMlkAJzwvi2llxwIyQfvMh1LBOVZnpCz+4H2alkH victor@PC-PORT\n",
            "start_at_node_boot": false,
            "startup": null,
            "startup_shutdown": [
              {
                "order": -1,
                "shutdown_timeout": -1,
                "startup_delay": -1
              }
            ],
            "tablet": true,
            "tags": "devver;k8s;master-worker;test",
            "target_node": "PROXMOX-PVE1",
            "target_nodes": null,
            "timeouts": null,
            "tpm_state": [],
            "unused_disk": [],
            "usb": [],
            "usbs": [],
            "vcpus": 0,
            "vga": [],
            "vm_state": "running",
            "vmid": 45101
          },
          "sensitive_attributes": [
            [
              {
                "type": "get_attr",
                "value": "cipassword"
              }
            ],
            [
              {
                "type": "get_attr",
                "value": "ssh_private_key"
              }
            ],
            [
              {
                "type": "get_attr",
                "value": "sshkeys"
              }
            ]
          ],
          "identity_schema_version": 0,
          "private": "eyJlMmJmYjczMC1lY2FhLTExZTYtOGY4OC0zNDM2M2JjN2M0YzAiOnsiY3JlYXRlIjoxMjAwMDAwMDAwMDAwLCJkZWZhdWx0IjoxMjAwMDAwMDAwMDAwLCJkZWxldGUiOjEyMDAwMDAwMDAwMDAsInJlYWQiOjEyMDAwMDAwMDAwMDAsInVwZGF0ZSI6MTIwMDAwMDAwMDAwMH19"
        },
        {
          "index_key": "192.168.45.102",
          "schema_version": 0,
          "attributes": {
            "additional_wait": 5,
            "agent": 1,
            "agent_timeout": 90,
            "args": "",
            "automatic_reboot": true,
            "automatic_reboot_severity": "error",
            "balloon": 0,
            "bios": "seabios",
            "boot": " ",
            "bootdisk": "",
            "ci_wait": null,
            "cicustom": "vendor=local:snippets/qemu-guest-agent.yml",
            "cipassword": "",
            "ciupgrade": true,
            "ciuser": "devver",
            "clone": "debian13-cloudinit",
            "clone_id": null,
            "clone_wait": 10,
            "cores": 0,
            "cpu": [
              {
                "affinity": "",
                "cores": 4,
                "flags": [],
                "limit": 0,
                "numa": false,
                "sockets": 1,
                "type": "host",
                "units": 0,
                "vcores": 0
              }
            ],
            "cpu_type": "",
            "current_node": "PROXMOX-PVE1",
            "default_ipv4_address": "192.168.45.102",
            "default_ipv6_address": "",
            "define_connection_info": true,
            "desc": null,
            "description": "Managed by Terraform.",
            "disk": [],
            "disks": [
              {
                "ide": [
                  {
                    "ide0": [],
                    "ide1": [
                      {
                        "cdrom": [],
                        "cloudinit": [
                          {
                            "storage": "SSD-PVE-DATA"
                          }
                        ],
                        "disk": [],
                        "ignore": false,
                        "passthrough": []
                      }
                    ],
                    "ide2": [],
                    "ide3": []
                  }
                ],
                "sata": [],
                "scsi": [
                  {
                    "scsi0": [
                      {
                        "cdrom": [],
                        "cloudinit": [],
                        "disk": [
                          {
                            "asyncio": "",
                            "backup": true,
                            "cache": "",
                            "discard": false,
                            "emulatessd": false,
                            "format": "raw",
                            "id": 0,
                            "iops_r_burst": 0,
                            "iops_r_burst_length": 0,
                            "iops_r_concurrent": 0,
                            "iops_wr_burst": 0,
                            "iops_wr_burst_length": 0,
                            "iops_wr_concurrent": 0,
                            "iothread": false,
                            "linked_disk_id": -1,
                            "mbps_r_burst": 0,
                            "mbps_r_concurrent": 0,
                            "mbps_wr_burst": 0,
                            "mbps_wr_concurrent": 0,
                            "readonly": false,
                            "replicate": false,
                            "serial": "",
                            "size": "40G",
                            "storage": "SSD-PVE-DATA",
                            "wwn": ""
                          }
                        ],
                        "ignore": false,
                        "passthrough": []
                      }
                    ],
                    "scsi1": [
                      {
                        "cdrom": [],
                        "cloudinit": [],
                        "disk": [
                          {
                            "asyncio": "",
                            "backup": true,
                            "cache": "",
                            "discard": false,
                            "emulatessd": false,
                            "format": "raw",
                            "id": 1,
                            "iops_r_burst": 0,
                            "iops_r_burst_length": 0,
                            "iops_r_concurrent": 0,
                            "iops_wr_burst": 0,
                            "iops_wr_burst_length": 0,
                            "iops_wr_concurrent": 0,
                            "iothread": false,
                            "linked_disk_id": -1,
                            "mbps_r_burst": 0,
                            "mbps_r_concurrent": 0,
                            "mbps_wr_burst": 0,
                            "mbps_wr_concurrent": 0,
                            "readonly": false,
                            "replicate": false,
                            "serial": "",
                            "size": "150G",
                            "storage": "SSD-PVE-DATA",
                            "wwn": ""
                          }
                        ],
                        "ignore": false,
                        "passthrough": []
                      }
                    ],
                    "scsi10": [],
                    "scsi11": [],
                    "scsi12": [],
                    "scsi13": [],
                    "scsi14": [],
                    "scsi15": [],
                    "scsi16": [],
                    "scsi17": [],
                    "scsi18": [],
                    "scsi19": [],
                    "scsi2": [],
                    "scsi20": [],
                    "scsi21": [],
                    "scsi22": [],
                    "scsi23": [],
                    "scsi24": [],
                    "scsi25": [],
                    "scsi26": [],
                    "scsi27": [],
                    "scsi28": [],
                    "scsi29": [],
                    "scsi3": [],
                    "scsi30": [],
                    "scsi4": [],
                    "scsi5": [],
                    "scsi6": [],
                    "scsi7": [],
                    "scsi8": [],
                    "scsi9": []
                  }
                ],
                "virtio": []
              }
            ],
            "efidisk": [],
            "force_create": false,
            "force_recreate_on_change_of": null,
            "full_clone": true,
            "hagroup": "",
            "hastate": "",
            "hostpci": [],
            "hotplug": "network,disk,usb",
            "id": "PROXMOX-PVE1/qemu/45102",
            "ipconfig0": "ip=192.168.45.102/24,gw=192.168.45.200",
            "ipconfig1": null,
            "ipconfig10": null,
            "ipconfig11": null,
            "ipconfig12": null,
            "ipconfig13": null,
            "ipconfig14": null,
            "ipconfig15": null,
            "ipconfig2": null,
            "ipconfig3": null,
            "ipconfig4": null,
            "ipconfig5": null,
            "ipconfig6": null,
            "ipconfig7": null,
            "ipconfig8": null,
            "ipconfig9": null,
            "kvm": true,
            "linked_vmid": 0,
            "machine": "",
            "memory": 3072,
            "name": "DEVVER-K8S-TEST-MW-3",
            "nameserver": "1.1.1.1 8.8.8.8",
            "network": [
              {
                "bridge": "vmbr1",
                "firewall": false,
                "id": 0,
                "link_down": false,
                "macaddr": "bc:24:11:1b:e5:50",
                "model": "virtio",
                "mtu": 0,
                "queues": 0,
                "rate": 0,
                "tag": 45
              }
            ],
            "numa": false,
            "onboot": null,
            "os_network_config": null,
            "os_type": null,
            "pci": [],
            "pcis": [],
            "pool": "",
            "protection": false,
            "pxe": null,
            "qemu_os": "other",
            "reboot_required": false,
            "rng": [],
            "scsihw": "virtio-scsi-single",
            "searchdomain": "",
            "serial": [
              {
                "id": 0,
                "type": "socket"
              }
            ],
            "skip_ipv4": false,
            "skip_ipv6": true,
            "smbios": [
              {
                "family": "",
                "manufacturer": "",
                "product": "",
                "serial": "",
                "sku": "",
                "uuid": "090593f3-4648-451b-819a-f1d3f8ef6864",
                "version": ""
              }
            ],
            "sockets": 0,
            "ssh_forward_ip": null,
            "ssh_host": "192.168.45.102",
            "ssh_port": "22",
            "ssh_private_key": null,
            "ssh_user": null,
            "sshkeys": "ssh-ed25519 AAAAC3NzaC1lZDI1NTE5AAAAILpXTMlkAJzwvi2llxwIyQfvMh1LBOVZnpCz+4H2alkH victor@PC-PORT\n",
            "start_at_node_boot": false,
            "startup": null,
            "startup_shutdown": [
              {
                "order": -1,
                "shutdown_timeout": -1,
                "startup_delay": -1
              }
            ],
            "tablet": true,
            "tags": "devver;k8s;master-worker;test",
            "target_node": "PROXMOX-PVE1",
            "target_nodes": null,
            "timeouts": null,
            "tpm_state": [],
            "unused_disk": [],
            "usb": [],
            "usbs": [],
            "vcpus": 0,
            "vga": [],
            "vm_state": "running",
            "vmid": 45102
          },
          "sensitive_attributes": [
            [
              {
                "type": "get_attr",
                "value": "cipassword"
              }
            ],
            [
              {
                "type": "get_attr",
                "value": "ssh_private_key"
              }
            ],
            [
              {
                "type": "get_attr",
                "value": "sshkeys"
              }
            ]
          ],
          "identity_schema_version": 0,
          "private": "eyJlMmJmYjczMC1lY2FhLTExZTYtOGY4OC0zNDM2M2JjN2M0YzAiOnsiY3JlYXRlIjoxMjAwMDAwMDAwMDAwLCJkZWZhdWx0IjoxMjAwMDAwMDAwMDAwLCJkZWxldGUiOjEyMDAwMDAwMDAwMDAsInJlYWQiOjEyMDAwMDAwMDAwMDAsInVwZGF0ZSI6MTIwMDAwMDAwMDAwMH19"
        }
      ]
    },
    {
      "module": "module.k8s_cluster",
      "mode": "managed",
      "type": "proxmox_vm_qemu",
      "name": "worker",
      "provider": "provider[\"registry.terraform.io/telmate/proxmox\"]",
      "instances": [
        {
          "index_key": "192.168.45.150",
          "schema_version": 0,
          "attributes": {
            "additional_wait": 5,
            "agent": 1,
            "agent_timeout": 90,
            "args": "",
            "automatic_reboot": true,
            "automatic_reboot_severity": "error",
            "balloon": 0,
            "bios": "seabios",
            "boot": " ",
            "bootdisk": "",
            "ci_wait": null,
            "cicustom": "vendor=local:snippets/qemu-guest-agent.yml",
            "cipassword": "",
            "ciupgrade": true,
            "ciuser": "devver",
            "clone": "debian13-cloudinit",
            "clone_id": null,
            "clone_wait": 10,
            "cores": 0,
            "cpu": [
              {
                "affinity": "",
                "cores": 4,
                "flags": [],
                "limit": 0,
                "numa": false,
                "sockets": 1,
                "type": "host",
                "units": 0,
                "vcores": 0
              }
            ],
            "cpu_type": "",
            "current_node": "PROXMOX-PVE1",
            "default_ipv4_address": "192.168.45.150",
            "default_ipv6_address": "",
            "define_connection_info": true,
            "desc": null,
            "description": "Managed by Terraform.",
            "disk": [],
            "disks": [
              {
                "ide": [
                  {
                    "ide0": [],
                    "ide1": [
                      {
                        "cdrom": [],
                        "cloudinit": [
                          {
                            "storage": "SSD-PVE-DATA"
                          }
                        ],
                        "disk": [],
                        "ignore": false,
                        "passthrough": []
                      }
                    ],
                    "ide2": [],
                    "ide3": []
                  }
                ],
                "sata": [],
                "scsi": [
                  {
                    "scsi0": [
                      {
                        "cdrom": [],
                        "cloudinit": [],
                        "disk": [
                          {
                            "asyncio": "",
                            "backup": true,
                            "cache": "",
                            "discard": false,
                            "emulatessd": false,
                            "format": "raw",
                            "id": 0,
                            "iops_r_burst": 0,
                            "iops_r_burst_length": 0,
                            "iops_r_concurrent": 0,
                            "iops_wr_burst": 0,
                            "iops_wr_burst_length": 0,
                            "iops_wr_concurrent": 0,
                            "iothread": false,
                            "linked_disk_id": -1,
                            "mbps_r_burst": 0,
                            "mbps_r_concurrent": 0,
                            "mbps_wr_burst": 0,
                            "mbps_wr_concurrent": 0,
                            "readonly": false,
                            "replicate": false,
                            "serial": "",
                            "size": "40G",
                            "storage": "SSD-PVE-DATA",
                            "wwn": ""
                          }
                        ],
                        "ignore": false,
                        "passthrough": []
                      }
                    ],
                    "scsi1": [
                      {
                        "cdrom": [],
                        "cloudinit": [],
                        "disk": [
                          {
                            "asyncio": "",
                            "backup": true,
                            "cache": "",
                            "discard": false,
                            "emulatessd": false,
                            "format": "raw",
                            "id": 1,
                            "iops_r_burst": 0,
                            "iops_r_burst_length": 0,
                            "iops_r_concurrent": 0,
                            "iops_wr_burst": 0,
                            "iops_wr_burst_length": 0,
                            "iops_wr_concurrent": 0,
                            "iothread": false,
                            "linked_disk_id": -1,
                            "mbps_r_burst": 0,
                            "mbps_r_concurrent": 0,
                            "mbps_wr_burst": 0,
                            "mbps_wr_concurrent": 0,
                            "readonly": false,
                            "replicate": false,
                            "serial": "",
                            "size": "150G",
                            "storage": "SSD-PVE-DATA",
                            "wwn": ""
                          }
                        ],
                        "ignore": false,
                        "passthrough": []
                      }
                    ],
                    "scsi10": [],
                    "scsi11": [],
                    "scsi12": [],
                    "scsi13": [],
                    "scsi14": [],
                    "scsi15": [],
                    "scsi16": [],
                    "scsi17": [],
                    "scsi18": [],
                    "scsi19": [],
                    "scsi2": [],
                    "scsi20": [],
                    "scsi21": [],
                    "scsi22": [],
                    "scsi23": [],
                    "scsi24": [],
                    "scsi25": [],
                    "scsi26": [],
                    "scsi27": [],
                    "scsi28": [],
                    "scsi29": [],
                    "scsi3": [],
                    "scsi30": [],
                    "scsi4": [],
                    "scsi5": [],
                    "scsi6": [],
                    "scsi7": [],
                    "scsi8": [],
                    "scsi9": []
                  }
                ],
                "virtio": []
              }
            ],
            "efidisk": [],
            "force_create": false,
            "force_recreate_on_change_of": null,
            "full_clone": true,
            "hagroup": "",
            "hastate": "",
            "hostpci": [],
            "hotplug": "network,disk,usb",
            "id": "PROXMOX-PVE1/qemu/45150",
            "ipconfig0": "ip=192.168.45.150/24,gw=192.168.45.200",
            "ipconfig1": null,
            "ipconfig10": null,
            "ipconfig11": null,
            "ipconfig12": null,
            "ipconfig13": null,
            "ipconfig14": null,
            "ipconfig15": null,
            "ipconfig2": null,
            "ipconfig3": null,
            "ipconfig4": null,
            "ipconfig5": null,
            "ipconfig6": null,
            "ipconfig7": null,
            "ipconfig8": null,
            "ipconfig9": null,
            "kvm": true,
            "linked_vmid": 0,
            "machine": "",
            "memory": 3072,
            "name": "DEVVER-K8S-TEST-W-1",
            "nameserver": "1.1.1.1 8.8.8.8",
            "network": [
              {
                "bridge": "vmbr1",
                "firewall": false,
                "id": 0,
                "link_down": false,
                "macaddr": "bc:24:11:28:2a:d7",
                "model": "virtio",
                "mtu": 0,
                "queues": 0,
                "rate": 0,
                "tag": 45
              }
            ],
            "numa": false,
            "onboot": null,
            "os_network_config": null,
            "os_type": null,
            "pci": [],
            "pcis": [],
            "pool": "",
            "protection": false,
            "pxe": null,
            "qemu_os": "other",
            "reboot_required": false,
            "rng": [],
            "scsihw": "virtio-scsi-single",
            "searchdomain": "",
            "serial": [
              {
                "id": 0,
                "type": "socket"
              }
            ],
            "skip_ipv4": false,
            "skip_ipv6": true,
            "smbios": [
              {
                "family": "",
                "manufacturer": "",
                "product": "",
                "serial": "",
                "sku": "",
                "uuid": "328e3e70-72f8-4cca-ba15-d8259f9f84d3",
                "version": ""
              }
            ],
            "sockets": 0,
            "ssh_forward_ip": null,
            "ssh_host": "192.168.45.150",
            "ssh_port": "22",
            "ssh_private_key": null,
            "ssh_user": null,
            "sshkeys": "ssh-ed25519 AAAAC3NzaC1lZDI1NTE5AAAAILpXTMlkAJzwvi2llxwIyQfvMh1LBOVZnpCz+4H2alkH victor@PC-PORT\n",
            "start_at_node_boot": false,
            "startup": null,
            "startup_shutdown": [
              {
                "order": -1,
                "shutdown_timeout": -1,
                "startup_delay": -1
              }
            ],
            "tablet": true,
            "tags": "devver;k8s;test;worker",
            "target_node": "PROXMOX-PVE1",
            "target_nodes": null,
            "timeouts": null,
            "tpm_state": [],
            "unused_disk": [],
            "usb": [],
            "usbs": [],
            "vcpus": 0,
            "vga": [],
            "vm_state": "running",
            "vmid": 45150
          },
          "sensitive_attributes": [
            [
              {
                "type": "get_attr",
                "value": "cipassword"
              }
            ],
            [
              {
                "type": "get_attr",
                "value": "ssh_private_key"
              }
            ],
            [
              {
                "type": "get_attr",
                "value": "sshkeys"
              }
            ]
          ],
          "identity_schema_version": 0,
          "private": "eyJlMmJmYjczMC1lY2FhLTExZTYtOGY4OC0zNDM2M2JjN2M0YzAiOnsiY3JlYXRlIjoxMjAwMDAwMDAwMDAwLCJkZWZhdWx0IjoxMjAwMDAwMDAwMDAwLCJkZWxldGUiOjEyMDAwMDAwMDAwMDAsInJlYWQiOjEyMDAwMDAwMDAwMDAsInVwZGF0ZSI6MTIwMDAwMDAwMDAwMH19"
        }
      ]
    }
  ],
  "check_results": [
    {
      "object_kind": "var",
      "config_addr": "module.k8s_cluster.var.master_worker_count",
      "status": "pass",
      "objects": [
        {
          "object_addr": "module.k8s_cluster.var.master_worker_count",
          "status": "pass"
        }
      ]
    },
    {
      "object_kind": "var",
      "config_addr": "module.k8s_cluster.var.cluster_env",
      "status": "pass",
      "objects": [
        {
          "object_addr": "module.k8s_cluster.var.cluster_env",
          "status": "pass"
        }
      ]
    }
  ]
}
